// !$*UTF8*$!
{
	archiveVersion = 1;
	classes = {
	};
	objectVersion = 56;
	objects = {

/* Begin PBXBuildFile section */
		090FA2E7295F51BB00918AED /* GoogleService-Info.plist in Resources */ = {isa = PBXBuildFile; fileRef = 090FA2E6295F51BB00918AED /* GoogleService-Info.plist */; };
		090FA2F52960B70400918AED /* SnapKit in Frameworks */ = {isa = PBXBuildFile; productRef = 090FA2F42960B70400918AED /* SnapKit */; };
		090FA2F82960B74000918AED /* Then in Frameworks */ = {isa = PBXBuildFile; productRef = 090FA2F72960B74000918AED /* Then */; };
		090FA2FB2960B87500918AED /* Moya in Frameworks */ = {isa = PBXBuildFile; productRef = 090FA2FA2960B87500918AED /* Moya */; };
		09611EE7296FD52700561CAA /* RecommendService.swift in Sources */ = {isa = PBXBuildFile; fileRef = 09611EE6296FD52700561CAA /* RecommendService.swift */; };
		09611EEA296FDC6300561CAA /* RecommendDTO.swift in Sources */ = {isa = PBXBuildFile; fileRef = 09611EE9296FDC6300561CAA /* RecommendDTO.swift */; };
		09611EED296FDD4200561CAA /* RecommendAPI.swift in Sources */ = {isa = PBXBuildFile; fileRef = 09611EEC296FDD4200561CAA /* RecommendAPI.swift */; };
		096BDFD52960B910009ED396 /* FSCalendar in Frameworks */ = {isa = PBXBuildFile; productRef = 096BDFD42960B910009ED396 /* FSCalendar */; };
		096BDFD92964FEF6009ED396 /* CustomCalendarView.swift in Sources */ = {isa = PBXBuildFile; fileRef = 096BDFD82964FEF6009ED396 /* CustomCalendarView.swift */; };
		096BDFEE29651040009ED396 /* SituationStatisticsView.swift in Sources */ = {isa = PBXBuildFile; fileRef = 096BDFED29651040009ED396 /* SituationStatisticsView.swift */; };
		096BDFF02965104B009ED396 /* MissionStatisticsView.swift in Sources */ = {isa = PBXBuildFile; fileRef = 096BDFEF2965104B009ED396 /* MissionStatisticsView.swift */; };
		096BDFF7296522C6009ED396 /* CustomAchieveLabel.swift in Sources */ = {isa = PBXBuildFile; fileRef = 096BDFF6296522C6009ED396 /* CustomAchieveLabel.swift */; };
		096BE0172966A142009ED396 /* CustomTabBarCell.swift in Sources */ = {isa = PBXBuildFile; fileRef = 096BE0162966A142009ED396 /* CustomTabBarCell.swift */; };
		096BE0192966A18A009ED396 /* CustomPaddingLabel.swift in Sources */ = {isa = PBXBuildFile; fileRef = 096BE0182966A18A009ED396 /* CustomPaddingLabel.swift */; };
		096BE01B2966A1B3009ED396 /* RecommendHeaderView.swift in Sources */ = {isa = PBXBuildFile; fileRef = 096BE01A2966A1B3009ED396 /* RecommendHeaderView.swift */; };
		096BE01F2966A1FA009ED396 /* NestedView.swift in Sources */ = {isa = PBXBuildFile; fileRef = 096BE01E2966A1FA009ED396 /* NestedView.swift */; };
		096BE0212966A24A009ED396 /* NestedCollectionViewCell.swift in Sources */ = {isa = PBXBuildFile; fileRef = 096BE0202966A24A009ED396 /* NestedCollectionViewCell.swift */; };
		096BE0232966A296009ED396 /* RecommendCollectionViewCell.swift in Sources */ = {isa = PBXBuildFile; fileRef = 096BE0222966A296009ED396 /* RecommendCollectionViewCell.swift */; };
		099F06CD29672DCA0036CF55 /* CustomTabBarItem.swift in Sources */ = {isa = PBXBuildFile; fileRef = 099F06CC29672DCA0036CF55 /* CustomTabBarItem.swift */; };
		099F06CF296732970036CF55 /* CustomTabBarView.swift in Sources */ = {isa = PBXBuildFile; fileRef = 099F06CE296732970036CF55 /* CustomTabBarView.swift */; };
		099F06FA2967EE9F0036CF55 /* LabelCollectionViewCell.swift in Sources */ = {isa = PBXBuildFile; fileRef = 099F06F92967EE9E0036CF55 /* LabelCollectionViewCell.swift */; };
		099F071C296A93810036CF55 /* TableHeaderView.swift in Sources */ = {isa = PBXBuildFile; fileRef = 099F071B296A93810036CF55 /* TableHeaderView.swift */; };
		099F0724296AA4A40036CF55 /* TitleView.swift in Sources */ = {isa = PBXBuildFile; fileRef = 099F0723296AA4A40036CF55 /* TitleView.swift */; };
		099F0728296B94790036CF55 /* StatisticsEmptyTableViewCell.swift in Sources */ = {isa = PBXBuildFile; fileRef = 099F0727296B94790036CF55 /* StatisticsEmptyTableViewCell.swift */; };
		099F072A296B98B90036CF55 /* SituationTitleView.swift in Sources */ = {isa = PBXBuildFile; fileRef = 099F0729296B98B90036CF55 /* SituationTitleView.swift */; };
		099F073D296C2F770036CF55 /* CustomSegmentedControl.swift in Sources */ = {isa = PBXBuildFile; fileRef = 099F073C296C2F770036CF55 /* CustomSegmentedControl.swift */; };
		09D3C535296FFD3500F1488D /* SituationStasticsResponse.swift in Sources */ = {isa = PBXBuildFile; fileRef = 09D3C534296FFD3500F1488D /* SituationStasticsResponse.swift */; };
		09D3C538296FFD7C00F1488D /* SituationStatisticsAPI.swift in Sources */ = {isa = PBXBuildFile; fileRef = 09D3C537296FFD7C00F1488D /* SituationStatisticsAPI.swift */; };
		09D3C53D29700DC800F1488D /* AchieveService.swift in Sources */ = {isa = PBXBuildFile; fileRef = 09D3C53C29700DC800F1488D /* AchieveService.swift */; };
		09D3C53F29700F7B00F1488D /* MissionStatisticsAPI.swift in Sources */ = {isa = PBXBuildFile; fileRef = 09D3C53E29700F7B00F1488D /* MissionStatisticsAPI.swift */; };
		09D3C5412970101400F1488D /* MissionStatisticsReponse.swift in Sources */ = {isa = PBXBuildFile; fileRef = 09D3C5402970101400F1488D /* MissionStatisticsReponse.swift */; };
		09F695D9296C332D00877EA7 /* CompositionalLayout.swift in Sources */ = {isa = PBXBuildFile; fileRef = 09F695D8296C332D00877EA7 /* CompositionalLayout.swift */; };
		09F695DB296C52B600877EA7 /* MissionTableViewCell.swift in Sources */ = {isa = PBXBuildFile; fileRef = 09F695DA296C52B600877EA7 /* MissionTableViewCell.swift */; };
		09F695DD296C52F000877EA7 /* SituationTableViewCell.swift in Sources */ = {isa = PBXBuildFile; fileRef = 09F695DC296C52F000877EA7 /* SituationTableViewCell.swift */; };
		09F695DF296C533200877EA7 /* BackgroundSupplementaryView.swift in Sources */ = {isa = PBXBuildFile; fileRef = 09F695DE296C533200877EA7 /* BackgroundSupplementaryView.swift */; };
		3B162874295AD7860077AE7B /* AppDelegate.swift in Sources */ = {isa = PBXBuildFile; fileRef = 3B162873295AD7860077AE7B /* AppDelegate.swift */; };
		3B162876295AD7860077AE7B /* SceneDelegate.swift in Sources */ = {isa = PBXBuildFile; fileRef = 3B162875295AD7860077AE7B /* SceneDelegate.swift */; };
		3B16287D295AD7870077AE7B /* Assets.xcassets in Resources */ = {isa = PBXBuildFile; fileRef = 3B16287C295AD7870077AE7B /* Assets.xcassets */; };
		3B162880295AD7870077AE7B /* LaunchScreen.storyboard in Resources */ = {isa = PBXBuildFile; fileRef = 3B16287E295AD7870077AE7B /* LaunchScreen.storyboard */; };
		3B1628B9295ADD750077AE7B /* Colors.xcassets in Resources */ = {isa = PBXBuildFile; fileRef = 3B1628B8295ADD750077AE7B /* Colors.xcassets */; };
		3B3405B7295B05D400D44722 /* .swiftlint.yml in Resources */ = {isa = PBXBuildFile; fileRef = 3B3405B6295B05D400D44722 /* .swiftlint.yml */; };
		3B3405BC295B0A2400D44722 /* Pretendard-Bold.otf in Resources */ = {isa = PBXBuildFile; fileRef = 3B3405BB295B0A2400D44722 /* Pretendard-Bold.otf */; };
		3B3405BE295B0A8200D44722 /* Pretendard-Medium.otf in Resources */ = {isa = PBXBuildFile; fileRef = 3B3405BD295B0A8200D44722 /* Pretendard-Medium.otf */; };
		3B3405C0295B0A8C00D44722 /* Pretendard-Regular.otf in Resources */ = {isa = PBXBuildFile; fileRef = 3B3405BF295B0A8C00D44722 /* Pretendard-Regular.otf */; };
		3B3405C2295B0AAE00D44722 /* Pretendard-SemiBold.otf in Resources */ = {isa = PBXBuildFile; fileRef = 3B3405C1295B0AAD00D44722 /* Pretendard-SemiBold.otf */; };
		3B4187D5296D5D8700F0FBF4 /* IQKeyboardManagerSwift in Frameworks */ = {isa = PBXBuildFile; productRef = 3B4187D4296D5D8700F0FBF4 /* IQKeyboardManagerSwift */; };
		3B42D1EE2966A1C20012898E /* myInfoMenuCollectionViewCell.swift in Sources */ = {isa = PBXBuildFile; fileRef = 3B42D1ED2966A1C20012898E /* myInfoMenuCollectionViewCell.swift */; };
		3B42D1F02966A6320012898E /* myInfoFooterCollectionReusableView.swift in Sources */ = {isa = PBXBuildFile; fileRef = 3B42D1EF2966A6320012898E /* myInfoFooterCollectionReusableView.swift */; };
		3B4B90BB29656684008C5CA8 /* MyInfoView.swift in Sources */ = {isa = PBXBuildFile; fileRef = 3B4B90BA29656684008C5CA8 /* MyInfoView.swift */; };
		3B4B90BD2965673E008C5CA8 /* AuthViewController.swift in Sources */ = {isa = PBXBuildFile; fileRef = 3B4B90BC2965673E008C5CA8 /* AuthViewController.swift */; };
		3B4B90BF29656751008C5CA8 /* AuthView.swift in Sources */ = {isa = PBXBuildFile; fileRef = 3B4B90BE29656751008C5CA8 /* AuthView.swift */; };
		3B4B90C62965CB8D008C5CA8 /* myInfoUserCollectionViewCell.swift in Sources */ = {isa = PBXBuildFile; fileRef = 3B4B90C52965CB8D008C5CA8 /* myInfoUserCollectionViewCell.swift */; };
		3B4B90CF2965F17A008C5CA8 /* menuModel.swift in Sources */ = {isa = PBXBuildFile; fileRef = 3B4B90CE2965F17A008C5CA8 /* menuModel.swift */; };
		3B59AFB629633DFF0050FF49 /* ActionSheetView.swift in Sources */ = {isa = PBXBuildFile; fileRef = 3B59AFB529633DFF0050FF49 /* ActionSheetView.swift */; };
		3B59AFB8296346650050FF49 /* Numbers.swift in Sources */ = {isa = PBXBuildFile; fileRef = 3B59AFB7296346650050FF49 /* Numbers.swift */; };
		3B59AFBC29634D900050FF49 /* ActionSheetViewController.swift in Sources */ = {isa = PBXBuildFile; fileRef = 3B59AFBB29634D900050FF49 /* ActionSheetViewController.swift */; };
		3B5B34AA29617D88002E1161 /* NotTodoButton.swift in Sources */ = {isa = PBXBuildFile; fileRef = 3B5B34A929617D88002E1161 /* NotTodoButton.swift */; };
		3B5ED42C2961DC310052D2B8 /* HomeView.swift in Sources */ = {isa = PBXBuildFile; fileRef = 3B5ED42B2961DC310052D2B8 /* HomeView.swift */; };
		3B888AA729674BA4008209A8 /* RandomData.swift in Sources */ = {isa = PBXBuildFile; fileRef = 3B888AA629674BA4008209A8 /* RandomData.swift */; };
		3B90A42C296F28D2000D6852 /* HomeService.swift in Sources */ = {isa = PBXBuildFile; fileRef = 3B90A42B296F28D2000D6852 /* HomeService.swift */; };
		3B90A42F296F293D000D6852 /* HomeAPI.swift in Sources */ = {isa = PBXBuildFile; fileRef = 3B90A42E296F293D000D6852 /* HomeAPI.swift */; };
		3B90A432296F2981000D6852 /* BannerResponseDTO.swift in Sources */ = {isa = PBXBuildFile; fileRef = 3B90A431296F2981000D6852 /* BannerResponseDTO.swift */; };
		3BBE56E1296C206300771DE4 /* OnboardingStartViewController.swift in Sources */ = {isa = PBXBuildFile; fileRef = 3BBE56E0296C206300771DE4 /* OnboardingStartViewController.swift */; };
		3BBE56E5296C213900771DE4 /* StartOnboardingView.swift in Sources */ = {isa = PBXBuildFile; fileRef = 3BBE56E4296C213900771DE4 /* StartOnboardingView.swift */; };
		3BBE56E7296C214600771DE4 /* FirstOnboardingView.swift in Sources */ = {isa = PBXBuildFile; fileRef = 3BBE56E6296C214600771DE4 /* FirstOnboardingView.swift */; };
		3BBE56E9296C215700771DE4 /* ThirdOnboardingView.swift in Sources */ = {isa = PBXBuildFile; fileRef = 3BBE56E8296C215700771DE4 /* ThirdOnboardingView.swift */; };
		3BBE56EB296C218D00771DE4 /* SecondOnboardingView.swift in Sources */ = {isa = PBXBuildFile; fileRef = 3BBE56EA296C218D00771DE4 /* SecondOnboardingView.swift */; };
		3BBE56ED296C21A400771DE4 /* FinishOnboardingView.swift in Sources */ = {isa = PBXBuildFile; fileRef = 3BBE56EC296C21A400771DE4 /* FinishOnboardingView.swift */; };
		3BBE56F1296C4EA400771DE4 /* FirstOnboardingViewController.swift in Sources */ = {isa = PBXBuildFile; fileRef = 3BBE56F0296C4EA400771DE4 /* FirstOnboardingViewController.swift */; };
		3BBE56F3296C4EB000771DE4 /* SecondOnboardingViewController.swift in Sources */ = {isa = PBXBuildFile; fileRef = 3BBE56F2296C4EB000771DE4 /* SecondOnboardingViewController.swift */; };
		3BBE56F5296C4ED100771DE4 /* ThirdOnboardingViewController.swift in Sources */ = {isa = PBXBuildFile; fileRef = 3BBE56F4296C4ED100771DE4 /* ThirdOnboardingViewController.swift */; };
		3BBE56F7296C4EEB00771DE4 /* FinishOnboardingViewController.swift in Sources */ = {isa = PBXBuildFile; fileRef = 3BBE56F6296C4EEB00771DE4 /* FinishOnboardingViewController.swift */; };
		3BE07002296F43A2002CC50A /* UIButton+.swift in Sources */ = {isa = PBXBuildFile; fileRef = 3B5B34AB29618441002E1161 /* UIButton+.swift */; };
		3BE07003296F43A2002CC50A /* UIFont+.swift in Sources */ = {isa = PBXBuildFile; fileRef = 3B3405C3295B0ABB00D44722 /* UIFont+.swift */; };
		3BE07004296F43A2002CC50A /* UIDevice+.swift in Sources */ = {isa = PBXBuildFile; fileRef = 3B882606296DDC0E00A51B50 /* UIDevice+.swift */; };
		3BE07005296F43A2002CC50A /* UIColor+.swift in Sources */ = {isa = PBXBuildFile; fileRef = 3B3405B8295B090300D44722 /* UIColor+.swift */; };
		3BE07006296F43A2002CC50A /* UIStackView+.swift in Sources */ = {isa = PBXBuildFile; fileRef = 3B16288C295AD8380077AE7B /* UIStackView+.swift */; };
		3BE07007296F43A2002CC50A /* UIImage+.swift in Sources */ = {isa = PBXBuildFile; fileRef = 3B3405D9295B12BC00D44722 /* UIImage+.swift */; };
		3BE07008296F43A2002CC50A /* UILabel+.swift in Sources */ = {isa = PBXBuildFile; fileRef = 3B576323296403CB00E03637 /* UILabel+.swift */; };
		3BE07009296F43A2002CC50A /* UITabBar+.swift in Sources */ = {isa = PBXBuildFile; fileRef = 3B3405DD295B162600D44722 /* UITabBar+.swift */; };
		3BE0700A296F43A2002CC50A /* CALayer+.swift in Sources */ = {isa = PBXBuildFile; fileRef = 3B4B90CB2965D697008C5CA8 /* CALayer+.swift */; };
		3BE0700B296F43A2002CC50A /* adjust+.swift in Sources */ = {isa = PBXBuildFile; fileRef = 3BED5327295C018700157A3B /* adjust+.swift */; };
		3BE0700C296F43A2002CC50A /* UIView+.swift in Sources */ = {isa = PBXBuildFile; fileRef = 3B16288A295AD82F0077AE7B /* UIView+.swift */; };
		3BE0700D296F43A2002CC50A /* UIViewController+.swift in Sources */ = {isa = PBXBuildFile; fileRef = 3B4187CE296D342900F0FBF4 /* UIViewController+.swift */; };
		3BE0700E296F43B6002CC50A /* Strings.swift in Sources */ = {isa = PBXBuildFile; fileRef = 3B16288F295AD89C0077AE7B /* Strings.swift */; };
		3BE0700F296F4406002CC50A /* GeneralResponse.swift in Sources */ = {isa = PBXBuildFile; fileRef = 3B1628AD295ADB550077AE7B /* GeneralResponse.swift */; };
		3BE07010296F4449002CC50A /* NetworkLoggerPlugin.swift in Sources */ = {isa = PBXBuildFile; fileRef = 3B1628AB295ADB440077AE7B /* NetworkLoggerPlugin.swift */; };
		3BE07011296F4450002CC50A /* URLConstant.swift in Sources */ = {isa = PBXBuildFile; fileRef = 3B1628A9295ADB2F0077AE7B /* URLConstant.swift */; };
		3BE07012296F4454002CC50A /* NetworkConstant.swift in Sources */ = {isa = PBXBuildFile; fileRef = 3B1628AF295ADB640077AE7B /* NetworkConstant.swift */; };
		3BE07013296F4456002CC50A /* NetworkResult.swift in Sources */ = {isa = PBXBuildFile; fileRef = 3B1628B1295ADB710077AE7B /* NetworkResult.swift */; };
		3BE07014296F44A2002CC50A /* TabBarController.swift in Sources */ = {isa = PBXBuildFile; fileRef = 3B3405DB295B146E00D44722 /* TabBarController.swift */; };
		3BE07015296F44C3002CC50A /* CustomTabBar.swift in Sources */ = {isa = PBXBuildFile; fileRef = 3B3405DF295B1B8E00D44722 /* CustomTabBar.swift */; };
		3BE07016296F44C9002CC50A /* TabBarItem.swift in Sources */ = {isa = PBXBuildFile; fileRef = 3B3405D7295B10C900D44722 /* TabBarItem.swift */; };
		3BE07017296F44D3002CC50A /* MyInfoViewController.swift in Sources */ = {isa = PBXBuildFile; fileRef = 3B3405D5295B109A00D44722 /* MyInfoViewController.swift */; };
		3BE07018296F44E8002CC50A /* AchievementViewController.swift in Sources */ = {isa = PBXBuildFile; fileRef = 3B3405D3295B108400D44722 /* AchievementViewController.swift */; };
		3BE07019296F453F002CC50A /* AddMissionViewController.swift in Sources */ = {isa = PBXBuildFile; fileRef = 3B3405D1295B105900D44722 /* AddMissionViewController.swift */; };
		3BE0701A296F454B002CC50A /* RecommendViewController.swift in Sources */ = {isa = PBXBuildFile; fileRef = 3B3405CF295B101600D44722 /* RecommendViewController.swift */; };
		3BE0701B296F455C002CC50A /* HomeViewController.swift in Sources */ = {isa = PBXBuildFile; fileRef = 3B1628B3295ADBA20077AE7B /* HomeViewController.swift */; };
		3BE6CBC32969D700003A8A7B /* MissionModel.swift in Sources */ = {isa = PBXBuildFile; fileRef = 3BE6CBC22969D700003A8A7B /* MissionModel.swift */; };
		3BEF92AD296807550090A290 /* HomeCollectionReusableView.swift in Sources */ = {isa = PBXBuildFile; fileRef = 3BEF92AC296807550090A290 /* HomeCollectionReusableView.swift */; };
		3BEF92AF29686A8E0090A290 /* HomeCalendarCollectionViewCell.swift in Sources */ = {isa = PBXBuildFile; fileRef = 3BEF92AE29686A8E0090A290 /* HomeCalendarCollectionViewCell.swift */; };
		3BEF92B129696CC90090A290 /* HomeEmptyCollectionViewCell.swift in Sources */ = {isa = PBXBuildFile; fileRef = 3BEF92B029696CC90090A290 /* HomeEmptyCollectionViewCell.swift */; };
		3BF7CE9E296B6EBA009C13DC /* HomeMissionCollectionViewCell.swift in Sources */ = {isa = PBXBuildFile; fileRef = 3BF7CE9D296B6EBA009C13DC /* HomeMissionCollectionViewCell.swift */; };
		3BFE8405296FD103000B37CA /* CheckboxToolTipViewController.swift in Sources */ = {isa = PBXBuildFile; fileRef = 3BFE8404296FD103000B37CA /* CheckboxToolTipViewController.swift */; };
		3BFE840B29704534000B37CA /* Kingfisher in Frameworks */ = {isa = PBXBuildFile; productRef = 3BFE840A29704534000B37CA /* Kingfisher */; };
		3BFE840D2970454E000B37CA /* NetworkBase.swift in Sources */ = {isa = PBXBuildFile; fileRef = 3BFE840C2970454E000B37CA /* NetworkBase.swift */; };
		3BFE840F297045D4000B37CA /* UIImageView+.swift in Sources */ = {isa = PBXBuildFile; fileRef = 3BFE840E297045D4000B37CA /* UIImageView+.swift */; };
		3BFE8411297059D7000B37CA /* DailyMissionResponseDTO.swift in Sources */ = {isa = PBXBuildFile; fileRef = 3BFE8410297059D7000B37CA /* DailyMissionResponseDTO.swift */; };
		3BFE8413297071BB000B37CA /* UpdateMissionResponseDTO.swift in Sources */ = {isa = PBXBuildFile; fileRef = 3BFE8412297071BB000B37CA /* UpdateMissionResponseDTO.swift */; };
		6C600BC029693B3100421D7A /* MissionHistoryModel.swift in Sources */ = {isa = PBXBuildFile; fileRef = 6C600BBF29693B3100421D7A /* MissionHistoryModel.swift */; };
		6C600BC229693B3B00421D7A /* MissionHistoryCollectionViewCell.swift in Sources */ = {isa = PBXBuildFile; fileRef = 6C600BC129693B3B00421D7A /* MissionHistoryCollectionViewCell.swift */; };
		6C600BC429693B4B00421D7A /* MissionHistoryViewController.swift in Sources */ = {isa = PBXBuildFile; fileRef = 6C600BC329693B4B00421D7A /* MissionHistoryViewController.swift */; };
		6C600BC629693B5500421D7A /* MissionHistoryView.swift in Sources */ = {isa = PBXBuildFile; fileRef = 6C600BC529693B5500421D7A /* MissionHistoryView.swift */; };
		6C600BCC2969FCBC00421D7A /* EmptyRecentViewCell.swift in Sources */ = {isa = PBXBuildFile; fileRef = 6C600BCB2969FCBC00421D7A /* EmptyRecentViewCell.swift */; };
		6C8826072967D2EF0005E222 /* AddSituationView.swift in Sources */ = {isa = PBXBuildFile; fileRef = 6C8826062967D2EF0005E222 /* AddSituationView.swift */; };
		6C88260C2967D36B0005E222 /* AddSituationViewController.swift in Sources */ = {isa = PBXBuildFile; fileRef = 6C88260B2967D36B0005E222 /* AddSituationViewController.swift */; };
		6C88260F2967D8280005E222 /* AddSituationCollectionViewCell.swift in Sources */ = {isa = PBXBuildFile; fileRef = 6C88260E2967D8280005E222 /* AddSituationCollectionViewCell.swift */; };
		6C8826122967D85F0005E222 /* AddSituationModel.swift in Sources */ = {isa = PBXBuildFile; fileRef = 6C8826112967D85F0005E222 /* AddSituationModel.swift */; };
		6C882614296819560005E222 /* LeftAlignedCollectionViewFlowLayout.swift in Sources */ = {isa = PBXBuildFile; fileRef = 6C882613296819560005E222 /* LeftAlignedCollectionViewFlowLayout.swift */; };
		6C8826162968221C0005E222 /* AddSituationHeaderView.swift in Sources */ = {isa = PBXBuildFile; fileRef = 6C8826152968221C0005E222 /* AddSituationHeaderView.swift */; };
		6CA2EFB9296FD0D400D3E66B /* AddSituationResponseDTO.swift in Sources */ = {isa = PBXBuildFile; fileRef = 6CA2EFB8296FD0D400D3E66B /* AddSituationResponseDTO.swift */; };
		6CA2EFBB296FD16800D3E66B /* AddSituationAPI.swift in Sources */ = {isa = PBXBuildFile; fileRef = 6CA2EFBA296FD16800D3E66B /* AddSituationAPI.swift */; };
		6CA2EFBE296FD28400D3E66B /* AddMissionService.swift in Sources */ = {isa = PBXBuildFile; fileRef = 6CA2EFBD296FD28400D3E66B /* AddMissionService.swift */; };
		6CA38696296A82B10049D28A /* AddSituationFooterView.swift in Sources */ = {isa = PBXBuildFile; fileRef = 6CA38695296A82B10049D28A /* AddSituationFooterView.swift */; };
		6CC79FF9296C63B000A29DFE /* AddBehaviorCollectionViewCell.swift in Sources */ = {isa = PBXBuildFile; fileRef = 6CC79FF8296C63B000A29DFE /* AddBehaviorCollectionViewCell.swift */; };
		6CC79FFC296C64AD00A29DFE /* AddBehaviorModel.swift in Sources */ = {isa = PBXBuildFile; fileRef = 6CC79FFB296C64AD00A29DFE /* AddBehaviorModel.swift */; };
		6CCBCF91297060550093C0F3 /* MissionHistoryAPI.swift in Sources */ = {isa = PBXBuildFile; fileRef = 6CCBCF90297060550093C0F3 /* MissionHistoryAPI.swift */; };
		6CCBCF93297061200093C0F3 /* MissionHistoryDTO.swift in Sources */ = {isa = PBXBuildFile; fileRef = 6CCBCF92297061200093C0F3 /* MissionHistoryDTO.swift */; };
		6CCBCF95297075590093C0F3 /* AddMissionAPI.swift in Sources */ = {isa = PBXBuildFile; fileRef = 6CCBCF94297075590093C0F3 /* AddMissionAPI.swift */; };
		6CCBCF9729707A790093C0F3 /* AddMissionReqeustDTO.swift in Sources */ = {isa = PBXBuildFile; fileRef = 6CCBCF9629707A790093C0F3 /* AddMissionReqeustDTO.swift */; };
		6CCBCF9929707AD80093C0F3 /* AddMissionResponseDTO.swift in Sources */ = {isa = PBXBuildFile; fileRef = 6CCBCF9829707AD80093C0F3 /* AddMissionResponseDTO.swift */; };
		6CDC2D0C2963E2AF00BFF5F4 /* AddMissionView.swift in Sources */ = {isa = PBXBuildFile; fileRef = 6CDC2D0B2963E2AF00BFF5F4 /* AddMissionView.swift */; };
		6CDC2D1529641BE000BFF5F4 /* AddMissionTitleView.swift in Sources */ = {isa = PBXBuildFile; fileRef = 6CDC2D1429641BE000BFF5F4 /* AddMissionTitleView.swift */; };
		6CDC2D212966C86D00BFF5F4 /* AddMissionTextField.swift in Sources */ = {isa = PBXBuildFile; fileRef = 6CDC2D202966C86D00BFF5F4 /* AddMissionTextField.swift */; };
		6CF0427829633E58000F40EB /* NavigationBarView.swift in Sources */ = {isa = PBXBuildFile; fileRef = 6CF0427729633E58000F40EB /* NavigationBarView.swift */; };
/* End PBXBuildFile section */

/* Begin PBXFileReference section */
		090FA2E6295F51BB00918AED /* GoogleService-Info.plist */ = {isa = PBXFileReference; fileEncoding = 4; lastKnownFileType = text.plist.xml; path = "GoogleService-Info.plist"; sourceTree = "<group>"; };
		09611EE6296FD52700561CAA /* RecommendService.swift */ = {isa = PBXFileReference; lastKnownFileType = sourcecode.swift; path = RecommendService.swift; sourceTree = "<group>"; };
		09611EE9296FDC6300561CAA /* RecommendDTO.swift */ = {isa = PBXFileReference; lastKnownFileType = sourcecode.swift; path = RecommendDTO.swift; sourceTree = "<group>"; };
		09611EEC296FDD4200561CAA /* RecommendAPI.swift */ = {isa = PBXFileReference; lastKnownFileType = sourcecode.swift; path = RecommendAPI.swift; sourceTree = "<group>"; };
		096BDFD82964FEF6009ED396 /* CustomCalendarView.swift */ = {isa = PBXFileReference; lastKnownFileType = sourcecode.swift; path = CustomCalendarView.swift; sourceTree = "<group>"; };
		096BDFED29651040009ED396 /* SituationStatisticsView.swift */ = {isa = PBXFileReference; lastKnownFileType = sourcecode.swift; path = SituationStatisticsView.swift; sourceTree = "<group>"; };
		096BDFEF2965104B009ED396 /* MissionStatisticsView.swift */ = {isa = PBXFileReference; lastKnownFileType = sourcecode.swift; path = MissionStatisticsView.swift; sourceTree = "<group>"; };
		096BDFF6296522C6009ED396 /* CustomAchieveLabel.swift */ = {isa = PBXFileReference; lastKnownFileType = sourcecode.swift; path = CustomAchieveLabel.swift; sourceTree = "<group>"; };
		096BE0162966A142009ED396 /* CustomTabBarCell.swift */ = {isa = PBXFileReference; lastKnownFileType = sourcecode.swift; path = CustomTabBarCell.swift; sourceTree = "<group>"; };
		096BE0182966A18A009ED396 /* CustomPaddingLabel.swift */ = {isa = PBXFileReference; lastKnownFileType = sourcecode.swift; path = CustomPaddingLabel.swift; sourceTree = "<group>"; };
		096BE01A2966A1B3009ED396 /* RecommendHeaderView.swift */ = {isa = PBXFileReference; lastKnownFileType = sourcecode.swift; path = RecommendHeaderView.swift; sourceTree = "<group>"; };
		096BE01E2966A1FA009ED396 /* NestedView.swift */ = {isa = PBXFileReference; lastKnownFileType = sourcecode.swift; path = NestedView.swift; sourceTree = "<group>"; };
		096BE0202966A24A009ED396 /* NestedCollectionViewCell.swift */ = {isa = PBXFileReference; lastKnownFileType = sourcecode.swift; path = NestedCollectionViewCell.swift; sourceTree = "<group>"; };
		096BE0222966A296009ED396 /* RecommendCollectionViewCell.swift */ = {isa = PBXFileReference; lastKnownFileType = sourcecode.swift; path = RecommendCollectionViewCell.swift; sourceTree = "<group>"; };
		099F06CC29672DCA0036CF55 /* CustomTabBarItem.swift */ = {isa = PBXFileReference; lastKnownFileType = sourcecode.swift; name = CustomTabBarItem.swift; path = ../Views/CustomTabBarItem.swift; sourceTree = "<group>"; };
		099F06CE296732970036CF55 /* CustomTabBarView.swift */ = {isa = PBXFileReference; lastKnownFileType = sourcecode.swift; path = CustomTabBarView.swift; sourceTree = "<group>"; };
		099F06F92967EE9E0036CF55 /* LabelCollectionViewCell.swift */ = {isa = PBXFileReference; lastKnownFileType = sourcecode.swift; path = LabelCollectionViewCell.swift; sourceTree = "<group>"; };
		099F071B296A93810036CF55 /* TableHeaderView.swift */ = {isa = PBXFileReference; lastKnownFileType = sourcecode.swift; path = TableHeaderView.swift; sourceTree = "<group>"; };
		099F0723296AA4A40036CF55 /* TitleView.swift */ = {isa = PBXFileReference; lastKnownFileType = sourcecode.swift; path = TitleView.swift; sourceTree = "<group>"; };
		099F0727296B94790036CF55 /* StatisticsEmptyTableViewCell.swift */ = {isa = PBXFileReference; lastKnownFileType = sourcecode.swift; path = StatisticsEmptyTableViewCell.swift; sourceTree = "<group>"; };
		099F0729296B98B90036CF55 /* SituationTitleView.swift */ = {isa = PBXFileReference; lastKnownFileType = sourcecode.swift; path = SituationTitleView.swift; sourceTree = "<group>"; };
		099F073C296C2F770036CF55 /* CustomSegmentedControl.swift */ = {isa = PBXFileReference; lastKnownFileType = sourcecode.swift; path = CustomSegmentedControl.swift; sourceTree = "<group>"; };
		09D3C534296FFD3500F1488D /* SituationStasticsResponse.swift */ = {isa = PBXFileReference; lastKnownFileType = sourcecode.swift; path = SituationStasticsResponse.swift; sourceTree = "<group>"; };
		09D3C537296FFD7C00F1488D /* SituationStatisticsAPI.swift */ = {isa = PBXFileReference; lastKnownFileType = sourcecode.swift; path = SituationStatisticsAPI.swift; sourceTree = "<group>"; };
		09D3C53C29700DC800F1488D /* AchieveService.swift */ = {isa = PBXFileReference; lastKnownFileType = sourcecode.swift; path = AchieveService.swift; sourceTree = "<group>"; };
		09D3C53E29700F7B00F1488D /* MissionStatisticsAPI.swift */ = {isa = PBXFileReference; lastKnownFileType = sourcecode.swift; path = MissionStatisticsAPI.swift; sourceTree = "<group>"; };
		09D3C5402970101400F1488D /* MissionStatisticsReponse.swift */ = {isa = PBXFileReference; lastKnownFileType = sourcecode.swift; path = MissionStatisticsReponse.swift; sourceTree = "<group>"; };
		09F695D8296C332D00877EA7 /* CompositionalLayout.swift */ = {isa = PBXFileReference; lastKnownFileType = sourcecode.swift; name = CompositionalLayout.swift; path = ../ViewControllers/CompositionalLayout.swift; sourceTree = "<group>"; };
		09F695DA296C52B600877EA7 /* MissionTableViewCell.swift */ = {isa = PBXFileReference; fileEncoding = 4; lastKnownFileType = sourcecode.swift; path = MissionTableViewCell.swift; sourceTree = "<group>"; };
		09F695DC296C52F000877EA7 /* SituationTableViewCell.swift */ = {isa = PBXFileReference; fileEncoding = 4; lastKnownFileType = sourcecode.swift; path = SituationTableViewCell.swift; sourceTree = "<group>"; };
		09F695DE296C533200877EA7 /* BackgroundSupplementaryView.swift */ = {isa = PBXFileReference; fileEncoding = 4; lastKnownFileType = sourcecode.swift; path = BackgroundSupplementaryView.swift; sourceTree = "<group>"; };
		3B162870295AD7860077AE7B /* NotToDo.app */ = {isa = PBXFileReference; explicitFileType = wrapper.application; includeInIndex = 0; path = NotToDo.app; sourceTree = BUILT_PRODUCTS_DIR; };
		3B162873295AD7860077AE7B /* AppDelegate.swift */ = {isa = PBXFileReference; lastKnownFileType = sourcecode.swift; path = AppDelegate.swift; sourceTree = "<group>"; };
		3B162875295AD7860077AE7B /* SceneDelegate.swift */ = {isa = PBXFileReference; lastKnownFileType = sourcecode.swift; path = SceneDelegate.swift; sourceTree = "<group>"; };
		3B16287C295AD7870077AE7B /* Assets.xcassets */ = {isa = PBXFileReference; lastKnownFileType = folder.assetcatalog; path = Assets.xcassets; sourceTree = "<group>"; };
		3B16287F295AD7870077AE7B /* Base */ = {isa = PBXFileReference; lastKnownFileType = file.storyboard; name = Base; path = Base.lproj/LaunchScreen.storyboard; sourceTree = "<group>"; };
		3B162881295AD7870077AE7B /* Info.plist */ = {isa = PBXFileReference; lastKnownFileType = text.plist.xml; path = Info.plist; sourceTree = "<group>"; };
		3B16288A295AD82F0077AE7B /* UIView+.swift */ = {isa = PBXFileReference; lastKnownFileType = sourcecode.swift; path = "UIView+.swift"; sourceTree = "<group>"; };
		3B16288C295AD8380077AE7B /* UIStackView+.swift */ = {isa = PBXFileReference; lastKnownFileType = sourcecode.swift; path = "UIStackView+.swift"; sourceTree = "<group>"; };
		3B16288F295AD89C0077AE7B /* Strings.swift */ = {isa = PBXFileReference; lastKnownFileType = sourcecode.swift; path = Strings.swift; sourceTree = "<group>"; };
		3B1628A9295ADB2F0077AE7B /* URLConstant.swift */ = {isa = PBXFileReference; lastKnownFileType = sourcecode.swift; path = URLConstant.swift; sourceTree = "<group>"; };
		3B1628AB295ADB440077AE7B /* NetworkLoggerPlugin.swift */ = {isa = PBXFileReference; lastKnownFileType = sourcecode.swift; path = NetworkLoggerPlugin.swift; sourceTree = "<group>"; };
		3B1628AD295ADB550077AE7B /* GeneralResponse.swift */ = {isa = PBXFileReference; lastKnownFileType = sourcecode.swift; path = GeneralResponse.swift; sourceTree = "<group>"; };
		3B1628AF295ADB640077AE7B /* NetworkConstant.swift */ = {isa = PBXFileReference; lastKnownFileType = sourcecode.swift; path = NetworkConstant.swift; sourceTree = "<group>"; };
		3B1628B1295ADB710077AE7B /* NetworkResult.swift */ = {isa = PBXFileReference; lastKnownFileType = sourcecode.swift; path = NetworkResult.swift; sourceTree = "<group>"; };
		3B1628B3295ADBA20077AE7B /* HomeViewController.swift */ = {isa = PBXFileReference; lastKnownFileType = sourcecode.swift; path = HomeViewController.swift; sourceTree = "<group>"; };
		3B1628B8295ADD750077AE7B /* Colors.xcassets */ = {isa = PBXFileReference; lastKnownFileType = folder.assetcatalog; path = Colors.xcassets; sourceTree = "<group>"; };
		3B3405B6295B05D400D44722 /* .swiftlint.yml */ = {isa = PBXFileReference; lastKnownFileType = text.yaml; path = .swiftlint.yml; sourceTree = "<group>"; };
		3B3405B8295B090300D44722 /* UIColor+.swift */ = {isa = PBXFileReference; lastKnownFileType = sourcecode.swift; path = "UIColor+.swift"; sourceTree = "<group>"; };
		3B3405BB295B0A2400D44722 /* Pretendard-Bold.otf */ = {isa = PBXFileReference; lastKnownFileType = file; path = "Pretendard-Bold.otf"; sourceTree = "<group>"; };
		3B3405BD295B0A8200D44722 /* Pretendard-Medium.otf */ = {isa = PBXFileReference; lastKnownFileType = file; path = "Pretendard-Medium.otf"; sourceTree = "<group>"; };
		3B3405BF295B0A8C00D44722 /* Pretendard-Regular.otf */ = {isa = PBXFileReference; lastKnownFileType = file; path = "Pretendard-Regular.otf"; sourceTree = "<group>"; };
		3B3405C1295B0AAD00D44722 /* Pretendard-SemiBold.otf */ = {isa = PBXFileReference; lastKnownFileType = file; path = "Pretendard-SemiBold.otf"; sourceTree = "<group>"; };
		3B3405C3295B0ABB00D44722 /* UIFont+.swift */ = {isa = PBXFileReference; lastKnownFileType = sourcecode.swift; path = "UIFont+.swift"; sourceTree = "<group>"; };
		3B3405CF295B101600D44722 /* RecommendViewController.swift */ = {isa = PBXFileReference; lastKnownFileType = sourcecode.swift; path = RecommendViewController.swift; sourceTree = "<group>"; };
		3B3405D1295B105900D44722 /* AddMissionViewController.swift */ = {isa = PBXFileReference; lastKnownFileType = sourcecode.swift; path = AddMissionViewController.swift; sourceTree = "<group>"; };
		3B3405D3295B108400D44722 /* AchievementViewController.swift */ = {isa = PBXFileReference; lastKnownFileType = sourcecode.swift; path = AchievementViewController.swift; sourceTree = "<group>"; };
		3B3405D5295B109A00D44722 /* MyInfoViewController.swift */ = {isa = PBXFileReference; lastKnownFileType = sourcecode.swift; path = MyInfoViewController.swift; sourceTree = "<group>"; };
		3B3405D7295B10C900D44722 /* TabBarItem.swift */ = {isa = PBXFileReference; lastKnownFileType = sourcecode.swift; path = TabBarItem.swift; sourceTree = "<group>"; };
		3B3405D9295B12BC00D44722 /* UIImage+.swift */ = {isa = PBXFileReference; lastKnownFileType = sourcecode.swift; path = "UIImage+.swift"; sourceTree = "<group>"; };
		3B3405DB295B146E00D44722 /* TabBarController.swift */ = {isa = PBXFileReference; lastKnownFileType = sourcecode.swift; path = TabBarController.swift; sourceTree = "<group>"; };
		3B3405DD295B162600D44722 /* UITabBar+.swift */ = {isa = PBXFileReference; lastKnownFileType = sourcecode.swift; path = "UITabBar+.swift"; sourceTree = "<group>"; };
		3B3405DF295B1B8E00D44722 /* CustomTabBar.swift */ = {isa = PBXFileReference; lastKnownFileType = sourcecode.swift; path = CustomTabBar.swift; sourceTree = "<group>"; };
		3B4187CE296D342900F0FBF4 /* UIViewController+.swift */ = {isa = PBXFileReference; lastKnownFileType = sourcecode.swift; path = "UIViewController+.swift"; sourceTree = "<group>"; };
		3B42D1ED2966A1C20012898E /* myInfoMenuCollectionViewCell.swift */ = {isa = PBXFileReference; lastKnownFileType = sourcecode.swift; path = myInfoMenuCollectionViewCell.swift; sourceTree = "<group>"; };
		3B42D1EF2966A6320012898E /* myInfoFooterCollectionReusableView.swift */ = {isa = PBXFileReference; lastKnownFileType = sourcecode.swift; path = myInfoFooterCollectionReusableView.swift; sourceTree = "<group>"; };
		3B4B90BA29656684008C5CA8 /* MyInfoView.swift */ = {isa = PBXFileReference; lastKnownFileType = sourcecode.swift; path = MyInfoView.swift; sourceTree = "<group>"; };
		3B4B90BC2965673E008C5CA8 /* AuthViewController.swift */ = {isa = PBXFileReference; lastKnownFileType = sourcecode.swift; path = AuthViewController.swift; sourceTree = "<group>"; };
		3B4B90BE29656751008C5CA8 /* AuthView.swift */ = {isa = PBXFileReference; lastKnownFileType = sourcecode.swift; path = AuthView.swift; sourceTree = "<group>"; };
		3B4B90C52965CB8D008C5CA8 /* myInfoUserCollectionViewCell.swift */ = {isa = PBXFileReference; lastKnownFileType = sourcecode.swift; path = myInfoUserCollectionViewCell.swift; sourceTree = "<group>"; };
		3B4B90CB2965D697008C5CA8 /* CALayer+.swift */ = {isa = PBXFileReference; lastKnownFileType = sourcecode.swift; path = "CALayer+.swift"; sourceTree = "<group>"; };
		3B4B90CE2965F17A008C5CA8 /* menuModel.swift */ = {isa = PBXFileReference; lastKnownFileType = sourcecode.swift; path = menuModel.swift; sourceTree = "<group>"; };
		3B576323296403CB00E03637 /* UILabel+.swift */ = {isa = PBXFileReference; lastKnownFileType = sourcecode.swift; path = "UILabel+.swift"; sourceTree = "<group>"; };
		3B59AFB529633DFF0050FF49 /* ActionSheetView.swift */ = {isa = PBXFileReference; lastKnownFileType = sourcecode.swift; path = ActionSheetView.swift; sourceTree = "<group>"; };
		3B59AFB7296346650050FF49 /* Numbers.swift */ = {isa = PBXFileReference; lastKnownFileType = sourcecode.swift; path = Numbers.swift; sourceTree = "<group>"; };
		3B59AFBB29634D900050FF49 /* ActionSheetViewController.swift */ = {isa = PBXFileReference; lastKnownFileType = sourcecode.swift; path = ActionSheetViewController.swift; sourceTree = "<group>"; };
		3B5B34A929617D88002E1161 /* NotTodoButton.swift */ = {isa = PBXFileReference; lastKnownFileType = sourcecode.swift; path = NotTodoButton.swift; sourceTree = "<group>"; };
		3B5B34AB29618441002E1161 /* UIButton+.swift */ = {isa = PBXFileReference; lastKnownFileType = sourcecode.swift; path = "UIButton+.swift"; sourceTree = "<group>"; };
		3B5ED42B2961DC310052D2B8 /* HomeView.swift */ = {isa = PBXFileReference; lastKnownFileType = sourcecode.swift; path = HomeView.swift; sourceTree = "<group>"; };
		3B882606296DDC0E00A51B50 /* UIDevice+.swift */ = {isa = PBXFileReference; lastKnownFileType = sourcecode.swift; path = "UIDevice+.swift"; sourceTree = "<group>"; };
		3B888AA629674BA4008209A8 /* RandomData.swift */ = {isa = PBXFileReference; lastKnownFileType = sourcecode.swift; path = RandomData.swift; sourceTree = "<group>"; };
		3B90A42B296F28D2000D6852 /* HomeService.swift */ = {isa = PBXFileReference; lastKnownFileType = sourcecode.swift; path = HomeService.swift; sourceTree = "<group>"; };
		3B90A42E296F293D000D6852 /* HomeAPI.swift */ = {isa = PBXFileReference; lastKnownFileType = sourcecode.swift; path = HomeAPI.swift; sourceTree = "<group>"; };
		3B90A431296F2981000D6852 /* BannerResponseDTO.swift */ = {isa = PBXFileReference; lastKnownFileType = sourcecode.swift; path = BannerResponseDTO.swift; sourceTree = "<group>"; };
		3BBE56E0296C206300771DE4 /* OnboardingStartViewController.swift */ = {isa = PBXFileReference; lastKnownFileType = sourcecode.swift; path = OnboardingStartViewController.swift; sourceTree = "<group>"; };
		3BBE56E4296C213900771DE4 /* StartOnboardingView.swift */ = {isa = PBXFileReference; lastKnownFileType = sourcecode.swift; path = StartOnboardingView.swift; sourceTree = "<group>"; };
		3BBE56E6296C214600771DE4 /* FirstOnboardingView.swift */ = {isa = PBXFileReference; lastKnownFileType = sourcecode.swift; path = FirstOnboardingView.swift; sourceTree = "<group>"; };
		3BBE56E8296C215700771DE4 /* ThirdOnboardingView.swift */ = {isa = PBXFileReference; lastKnownFileType = sourcecode.swift; path = ThirdOnboardingView.swift; sourceTree = "<group>"; };
		3BBE56EA296C218D00771DE4 /* SecondOnboardingView.swift */ = {isa = PBXFileReference; lastKnownFileType = sourcecode.swift; path = SecondOnboardingView.swift; sourceTree = "<group>"; };
		3BBE56EC296C21A400771DE4 /* FinishOnboardingView.swift */ = {isa = PBXFileReference; lastKnownFileType = sourcecode.swift; path = FinishOnboardingView.swift; sourceTree = "<group>"; };
		3BBE56F0296C4EA400771DE4 /* FirstOnboardingViewController.swift */ = {isa = PBXFileReference; lastKnownFileType = sourcecode.swift; path = FirstOnboardingViewController.swift; sourceTree = "<group>"; };
		3BBE56F2296C4EB000771DE4 /* SecondOnboardingViewController.swift */ = {isa = PBXFileReference; lastKnownFileType = sourcecode.swift; path = SecondOnboardingViewController.swift; sourceTree = "<group>"; };
		3BBE56F4296C4ED100771DE4 /* ThirdOnboardingViewController.swift */ = {isa = PBXFileReference; lastKnownFileType = sourcecode.swift; path = ThirdOnboardingViewController.swift; sourceTree = "<group>"; };
		3BBE56F6296C4EEB00771DE4 /* FinishOnboardingViewController.swift */ = {isa = PBXFileReference; lastKnownFileType = sourcecode.swift; path = FinishOnboardingViewController.swift; sourceTree = "<group>"; };
		3BE6CBC22969D700003A8A7B /* MissionModel.swift */ = {isa = PBXFileReference; lastKnownFileType = sourcecode.swift; path = MissionModel.swift; sourceTree = "<group>"; };
		3BED5327295C018700157A3B /* adjust+.swift */ = {isa = PBXFileReference; lastKnownFileType = sourcecode.swift; path = "adjust+.swift"; sourceTree = "<group>"; };
		3BEF92AC296807550090A290 /* HomeCollectionReusableView.swift */ = {isa = PBXFileReference; lastKnownFileType = sourcecode.swift; path = HomeCollectionReusableView.swift; sourceTree = "<group>"; };
		3BEF92AE29686A8E0090A290 /* HomeCalendarCollectionViewCell.swift */ = {isa = PBXFileReference; lastKnownFileType = sourcecode.swift; path = HomeCalendarCollectionViewCell.swift; sourceTree = "<group>"; };
		3BEF92B029696CC90090A290 /* HomeEmptyCollectionViewCell.swift */ = {isa = PBXFileReference; lastKnownFileType = sourcecode.swift; path = HomeEmptyCollectionViewCell.swift; sourceTree = "<group>"; };
		3BF7CE9D296B6EBA009C13DC /* HomeMissionCollectionViewCell.swift */ = {isa = PBXFileReference; lastKnownFileType = sourcecode.swift; path = HomeMissionCollectionViewCell.swift; sourceTree = "<group>"; };
		3BFE8404296FD103000B37CA /* CheckboxToolTipViewController.swift */ = {isa = PBXFileReference; lastKnownFileType = sourcecode.swift; path = CheckboxToolTipViewController.swift; sourceTree = "<group>"; };
		3BFE840C2970454E000B37CA /* NetworkBase.swift */ = {isa = PBXFileReference; lastKnownFileType = sourcecode.swift; path = NetworkBase.swift; sourceTree = "<group>"; };
		3BFE840E297045D4000B37CA /* UIImageView+.swift */ = {isa = PBXFileReference; lastKnownFileType = sourcecode.swift; path = "UIImageView+.swift"; sourceTree = "<group>"; };
		3BFE8410297059D7000B37CA /* DailyMissionResponseDTO.swift */ = {isa = PBXFileReference; lastKnownFileType = sourcecode.swift; path = DailyMissionResponseDTO.swift; sourceTree = "<group>"; };
		3BFE8412297071BB000B37CA /* UpdateMissionResponseDTO.swift */ = {isa = PBXFileReference; lastKnownFileType = sourcecode.swift; path = UpdateMissionResponseDTO.swift; sourceTree = "<group>"; };
		6C600BBF29693B3100421D7A /* MissionHistoryModel.swift */ = {isa = PBXFileReference; lastKnownFileType = sourcecode.swift; path = MissionHistoryModel.swift; sourceTree = "<group>"; };
		6C600BC129693B3B00421D7A /* MissionHistoryCollectionViewCell.swift */ = {isa = PBXFileReference; lastKnownFileType = sourcecode.swift; path = MissionHistoryCollectionViewCell.swift; sourceTree = "<group>"; };
		6C600BC329693B4B00421D7A /* MissionHistoryViewController.swift */ = {isa = PBXFileReference; lastKnownFileType = sourcecode.swift; path = MissionHistoryViewController.swift; sourceTree = "<group>"; };
		6C600BC529693B5500421D7A /* MissionHistoryView.swift */ = {isa = PBXFileReference; lastKnownFileType = sourcecode.swift; path = MissionHistoryView.swift; sourceTree = "<group>"; };
		6C600BCB2969FCBC00421D7A /* EmptyRecentViewCell.swift */ = {isa = PBXFileReference; lastKnownFileType = sourcecode.swift; path = EmptyRecentViewCell.swift; sourceTree = "<group>"; };
		6C8826062967D2EF0005E222 /* AddSituationView.swift */ = {isa = PBXFileReference; lastKnownFileType = sourcecode.swift; path = AddSituationView.swift; sourceTree = "<group>"; };
		6C88260B2967D36B0005E222 /* AddSituationViewController.swift */ = {isa = PBXFileReference; lastKnownFileType = sourcecode.swift; path = AddSituationViewController.swift; sourceTree = "<group>"; };
		6C88260E2967D8280005E222 /* AddSituationCollectionViewCell.swift */ = {isa = PBXFileReference; lastKnownFileType = sourcecode.swift; path = AddSituationCollectionViewCell.swift; sourceTree = "<group>"; };
		6C8826112967D85F0005E222 /* AddSituationModel.swift */ = {isa = PBXFileReference; lastKnownFileType = sourcecode.swift; path = AddSituationModel.swift; sourceTree = "<group>"; };
		6C882613296819560005E222 /* LeftAlignedCollectionViewFlowLayout.swift */ = {isa = PBXFileReference; lastKnownFileType = sourcecode.swift; path = LeftAlignedCollectionViewFlowLayout.swift; sourceTree = "<group>"; };
		6C8826152968221C0005E222 /* AddSituationHeaderView.swift */ = {isa = PBXFileReference; lastKnownFileType = sourcecode.swift; path = AddSituationHeaderView.swift; sourceTree = "<group>"; };
		6CA2EFB8296FD0D400D3E66B /* AddSituationResponseDTO.swift */ = {isa = PBXFileReference; lastKnownFileType = sourcecode.swift; path = AddSituationResponseDTO.swift; sourceTree = "<group>"; };
		6CA2EFBA296FD16800D3E66B /* AddSituationAPI.swift */ = {isa = PBXFileReference; lastKnownFileType = sourcecode.swift; path = AddSituationAPI.swift; sourceTree = "<group>"; };
		6CA2EFBD296FD28400D3E66B /* AddMissionService.swift */ = {isa = PBXFileReference; lastKnownFileType = sourcecode.swift; path = AddMissionService.swift; sourceTree = "<group>"; };
		6CA38695296A82B10049D28A /* AddSituationFooterView.swift */ = {isa = PBXFileReference; lastKnownFileType = sourcecode.swift; path = AddSituationFooterView.swift; sourceTree = "<group>"; };
		6CC79FF8296C63B000A29DFE /* AddBehaviorCollectionViewCell.swift */ = {isa = PBXFileReference; lastKnownFileType = sourcecode.swift; path = AddBehaviorCollectionViewCell.swift; sourceTree = "<group>"; };
		6CC79FFB296C64AD00A29DFE /* AddBehaviorModel.swift */ = {isa = PBXFileReference; lastKnownFileType = sourcecode.swift; path = AddBehaviorModel.swift; sourceTree = "<group>"; };
		6CCBCF90297060550093C0F3 /* MissionHistoryAPI.swift */ = {isa = PBXFileReference; lastKnownFileType = sourcecode.swift; path = MissionHistoryAPI.swift; sourceTree = "<group>"; };
		6CCBCF92297061200093C0F3 /* MissionHistoryDTO.swift */ = {isa = PBXFileReference; lastKnownFileType = sourcecode.swift; path = MissionHistoryDTO.swift; sourceTree = "<group>"; };
		6CCBCF94297075590093C0F3 /* AddMissionAPI.swift */ = {isa = PBXFileReference; lastKnownFileType = sourcecode.swift; path = AddMissionAPI.swift; sourceTree = "<group>"; };
		6CCBCF9629707A790093C0F3 /* AddMissionReqeustDTO.swift */ = {isa = PBXFileReference; lastKnownFileType = sourcecode.swift; path = AddMissionReqeustDTO.swift; sourceTree = "<group>"; };
		6CCBCF9829707AD80093C0F3 /* AddMissionResponseDTO.swift */ = {isa = PBXFileReference; lastKnownFileType = sourcecode.swift; path = AddMissionResponseDTO.swift; sourceTree = "<group>"; };
		6CDC2D0B2963E2AF00BFF5F4 /* AddMissionView.swift */ = {isa = PBXFileReference; lastKnownFileType = sourcecode.swift; path = AddMissionView.swift; sourceTree = "<group>"; };
		6CDC2D1429641BE000BFF5F4 /* AddMissionTitleView.swift */ = {isa = PBXFileReference; lastKnownFileType = sourcecode.swift; path = AddMissionTitleView.swift; sourceTree = "<group>"; };
		6CDC2D202966C86D00BFF5F4 /* AddMissionTextField.swift */ = {isa = PBXFileReference; lastKnownFileType = sourcecode.swift; path = AddMissionTextField.swift; sourceTree = "<group>"; };
		6CF0427729633E58000F40EB /* NavigationBarView.swift */ = {isa = PBXFileReference; lastKnownFileType = sourcecode.swift; path = NavigationBarView.swift; sourceTree = "<group>"; };
/* End PBXFileReference section */

/* Begin PBXFrameworksBuildPhase section */
		3B16286D295AD7860077AE7B /* Frameworks */ = {
			isa = PBXFrameworksBuildPhase;
			buildActionMask = 2147483647;
			files = (
				3BFE840B29704534000B37CA /* Kingfisher in Frameworks */,
				3B4187D5296D5D8700F0FBF4 /* IQKeyboardManagerSwift in Frameworks */,
				090FA2FB2960B87500918AED /* Moya in Frameworks */,
				096BDFD52960B910009ED396 /* FSCalendar in Frameworks */,
				090FA2F82960B74000918AED /* Then in Frameworks */,
				090FA2F52960B70400918AED /* SnapKit in Frameworks */,
			);
			runOnlyForDeploymentPostprocessing = 0;
		};
/* End PBXFrameworksBuildPhase section */

/* Begin PBXGroup section */
		09611EE5296FD51500561CAA /* Recommend */ = {
			isa = PBXGroup;
			children = (
				09611EE6296FD52700561CAA /* RecommendService.swift */,
			);
			path = Recommend;
			sourceTree = "<group>";
		};
		09611EE8296FDC5800561CAA /* Recommend */ = {
			isa = PBXGroup;
			children = (
				09611EE9296FDC6300561CAA /* RecommendDTO.swift */,
			);
			path = Recommend;
			sourceTree = "<group>";
		};
		09611EEB296FDD3A00561CAA /* Recommend */ = {
			isa = PBXGroup;
			children = (
				09611EEC296FDD4200561CAA /* RecommendAPI.swift */,
			);
			path = Recommend;
			sourceTree = "<group>";
		};
		09611EEE296FFC5D00561CAA /* Achieve */ = {
			isa = PBXGroup;
			children = (
				09D3C534296FFD3500F1488D /* SituationStasticsResponse.swift */,
				09D3C5402970101400F1488D /* MissionStatisticsReponse.swift */,
			);
			path = Achieve;
			sourceTree = "<group>";
		};
		096BDFE1296508C3009ED396 /* Common */ = {
			isa = PBXGroup;
			children = (
				096BDFF6296522C6009ED396 /* CustomAchieveLabel.swift */,
				09F695D8296C332D00877EA7 /* CompositionalLayout.swift */,
			);
			path = Common;
			sourceTree = "<group>";
		};
		096BDFF329652260009ED396 /* Cells */ = {
			isa = PBXGroup;
			children = (
				09F695DC296C52F000877EA7 /* SituationTableViewCell.swift */,
				099F0727296B94790036CF55 /* StatisticsEmptyTableViewCell.swift */,
				09F695DA296C52B600877EA7 /* MissionTableViewCell.swift */,
			);
			path = Cells;
			sourceTree = "<group>";
		};
		096BE0282966DA50009ED396 /* Cell */ = {
			isa = PBXGroup;
			children = (
				096BE0222966A296009ED396 /* RecommendCollectionViewCell.swift */,
				096BE0162966A142009ED396 /* CustomTabBarCell.swift */,
				096BE0202966A24A009ED396 /* NestedCollectionViewCell.swift */,
				099F06F92967EE9E0036CF55 /* LabelCollectionViewCell.swift */,
			);
			path = Cell;
			sourceTree = "<group>";
		};
		099F06C9296723EF0036CF55 /* Model */ = {
			isa = PBXGroup;
			children = (
				099F06CC29672DCA0036CF55 /* CustomTabBarItem.swift */,
			);
			path = Model;
			sourceTree = "<group>";
		};
		099F06FB2967F7F30036CF55 /* Common */ = {
			isa = PBXGroup;
			children = (
				09F695DE296C533200877EA7 /* BackgroundSupplementaryView.swift */,
				096BE0182966A18A009ED396 /* CustomPaddingLabel.swift */,
			);
			path = Common;
			sourceTree = "<group>";
		};
		099F07002969E0F30036CF55 /* Model */ = {
			isa = PBXGroup;
			children = (
			);
			path = Model;
			sourceTree = "<group>";
		};
		09D3C536296FFD5500F1488D /* Achieve */ = {
			isa = PBXGroup;
			children = (
				09D3C537296FFD7C00F1488D /* SituationStatisticsAPI.swift */,
				09D3C53E29700F7B00F1488D /* MissionStatisticsAPI.swift */,
			);
			path = Achieve;
			sourceTree = "<group>";
		};
		09D3C539296FFDCE00F1488D /* Achieve */ = {
			isa = PBXGroup;
			children = (
				09D3C53C29700DC800F1488D /* AchieveService.swift */,
			);
			path = Achieve;
			sourceTree = "<group>";
		};
		3B162867295AD7860077AE7B = {
			isa = PBXGroup;
			children = (
				3B3405B6295B05D400D44722 /* .swiftlint.yml */,
				090FA2E6295F51BB00918AED /* GoogleService-Info.plist */,
				3B162872295AD7860077AE7B /* NotToDo */,
				3B162871295AD7860077AE7B /* Products */,
			);
			sourceTree = "<group>";
		};
		3B162871295AD7860077AE7B /* Products */ = {
			isa = PBXGroup;
			children = (
				3B162870295AD7860077AE7B /* NotToDo.app */,
			);
			name = Products;
			sourceTree = "<group>";
		};
		3B162872295AD7860077AE7B /* NotToDo */ = {
			isa = PBXGroup;
			children = (
				3B162887295AD7D20077AE7B /* Application */,
				3B162888295AD8100077AE7B /* Global */,
				3B1628A4295ADA8F0077AE7B /* Network */,
				3B162893295AD90A0077AE7B /* Presentation */,
				3B1628B5295ADC9E0077AE7B /* Resource */,
			);
			path = NotToDo;
			sourceTree = "<group>";
		};
		3B162887295AD7D20077AE7B /* Application */ = {
			isa = PBXGroup;
			children = (
				3B162873295AD7860077AE7B /* AppDelegate.swift */,
				3B162875295AD7860077AE7B /* SceneDelegate.swift */,
			);
			path = Application;
			sourceTree = "<group>";
		};
		3B162888295AD8100077AE7B /* Global */ = {
			isa = PBXGroup;
			children = (
				3B16288E295AD8410077AE7B /* Literals */,
				3B162889295AD81F0077AE7B /* Extensions */,
			);
			path = Global;
			sourceTree = "<group>";
		};
		3B162889295AD81F0077AE7B /* Extensions */ = {
			isa = PBXGroup;
			children = (
				3B3405C5295B0B1100D44722 /* UI */,
				3B4B90CB2965D697008C5CA8 /* CALayer+.swift */,
				3B16288A295AD82F0077AE7B /* UIView+.swift */,
				3B16288C295AD8380077AE7B /* UIStackView+.swift */,
				3B3405DD295B162600D44722 /* UITabBar+.swift */,
				3BED5327295C018700157A3B /* adjust+.swift */,
				3B5B34AB29618441002E1161 /* UIButton+.swift */,
				3B576323296403CB00E03637 /* UILabel+.swift */,
				3B4187CE296D342900F0FBF4 /* UIViewController+.swift */,
				3B882606296DDC0E00A51B50 /* UIDevice+.swift */,
				3BFE840E297045D4000B37CA /* UIImageView+.swift */,
			);
			path = Extensions;
			sourceTree = "<group>";
		};
		3B16288E295AD8410077AE7B /* Literals */ = {
			isa = PBXGroup;
			children = (
				3B16288F295AD89C0077AE7B /* Strings.swift */,
				3B59AFB7296346650050FF49 /* Numbers.swift */,
			);
			path = Literals;
			sourceTree = "<group>";
		};
		3B162893295AD90A0077AE7B /* Presentation */ = {
			isa = PBXGroup;
			children = (
				3BF7CE9F296C170A009C13DC /* OnboardingScene */,
				3B5B34A729617D3C002E1161 /* Common */,
				3B162894295AD92E0077AE7B /* HomeScene */,
				3B162898295AD9650077AE7B /* RecommendScene */,
				3B162899295AD9740077AE7B /* AddMissionScene */,
				6C8826082967D30C0005E222 /* AddSituationScene */,
				6C600BB729693A0300421D7A /* MissionHistoryScene */,
				3B16289A295AD9850077AE7B /* AchievementScene */,
				3B16289B295AD9980077AE7B /* MyInfoScene */,
				3B162897295AD95B0077AE7B /* TabBar */,
			);
			path = Presentation;
			sourceTree = "<group>";
		};
		3B162894295AD92E0077AE7B /* HomeScene */ = {
			isa = PBXGroup;
			children = (
				3BEF92AB2967FADD0090A290 /* Cells */,
				3B888AA529674B97008209A8 /* Models */,
				3B162896295AD9380077AE7B /* ViewControllers */,
				3B162895295AD9350077AE7B /* Views */,
			);
			path = HomeScene;
			sourceTree = "<group>";
		};
		3B162895295AD9350077AE7B /* Views */ = {
			isa = PBXGroup;
			children = (
				3B5ED42B2961DC310052D2B8 /* HomeView.swift */,
			);
			path = Views;
			sourceTree = "<group>";
		};
		3B162896295AD9380077AE7B /* ViewControllers */ = {
			isa = PBXGroup;
			children = (
				3B1628B3295ADBA20077AE7B /* HomeViewController.swift */,
				3BFE8404296FD103000B37CA /* CheckboxToolTipViewController.swift */,
			);
			path = ViewControllers;
			sourceTree = "<group>";
		};
		3B162897295AD95B0077AE7B /* TabBar */ = {
			isa = PBXGroup;
			children = (
				3B3405D7295B10C900D44722 /* TabBarItem.swift */,
				3B3405DB295B146E00D44722 /* TabBarController.swift */,
				3B3405DF295B1B8E00D44722 /* CustomTabBar.swift */,
			);
			path = TabBar;
			sourceTree = "<group>";
		};
		3B162898295AD9650077AE7B /* RecommendScene */ = {
			isa = PBXGroup;
			children = (
				099F06FB2967F7F30036CF55 /* Common */,
				099F06C9296723EF0036CF55 /* Model */,
				096BE0282966DA50009ED396 /* Cell */,
				3B16289C295AD9CB0077AE7B /* ViewControllers */,
				3B16289D295AD9D20077AE7B /* Views */,
			);
			path = RecommendScene;
			sourceTree = "<group>";
		};
		3B162899295AD9740077AE7B /* AddMissionScene */ = {
			isa = PBXGroup;
			children = (
				6CC79FFA296C649000A29DFE /* Models */,
				6CC79FF7296C62D500A29DFE /* Cells */,
				3B16289F295AD9DF0077AE7B /* ViewControllers */,
				6CDC2D0A2963E2A100BFF5F4 /* Views */,
			);
			path = AddMissionScene;
			sourceTree = "<group>";
		};
		3B16289A295AD9850077AE7B /* AchievementScene */ = {
			isa = PBXGroup;
			children = (
				099F07002969E0F30036CF55 /* Model */,
				096BDFF329652260009ED396 /* Cells */,
				096BDFE1296508C3009ED396 /* Common */,
				3B1628A1295AD9EC0077AE7B /* ViewControllers */,
				3B1628A0295AD9E50077AE7B /* Views */,
			);
			path = AchievementScene;
			sourceTree = "<group>";
		};
		3B16289B295AD9980077AE7B /* MyInfoScene */ = {
			isa = PBXGroup;
			children = (
				3B4B90CD2965F16C008C5CA8 /* Models */,
				3B4B90C02965B5AF008C5CA8 /* Cells */,
				3B1628A3295AD9FD0077AE7B /* ViewControllers */,
				3B1628A2295AD9F80077AE7B /* Views */,
			);
			path = MyInfoScene;
			sourceTree = "<group>";
		};
		3B16289C295AD9CB0077AE7B /* ViewControllers */ = {
			isa = PBXGroup;
			children = (
				3B3405CF295B101600D44722 /* RecommendViewController.swift */,
			);
			path = ViewControllers;
			sourceTree = "<group>";
		};
		3B16289D295AD9D20077AE7B /* Views */ = {
			isa = PBXGroup;
			children = (
				096BE01A2966A1B3009ED396 /* RecommendHeaderView.swift */,
				099F06CE296732970036CF55 /* CustomTabBarView.swift */,
				096BE01E2966A1FA009ED396 /* NestedView.swift */,
			);
			path = Views;
			sourceTree = "<group>";
		};
		3B16289F295AD9DF0077AE7B /* ViewControllers */ = {
			isa = PBXGroup;
			children = (
				3B3405D1295B105900D44722 /* AddMissionViewController.swift */,
			);
			path = ViewControllers;
			sourceTree = "<group>";
		};
		3B1628A0295AD9E50077AE7B /* Views */ = {
			isa = PBXGroup;
			children = (
				096BDFED29651040009ED396 /* SituationStatisticsView.swift */,
				096BDFEF2965104B009ED396 /* MissionStatisticsView.swift */,
				099F071B296A93810036CF55 /* TableHeaderView.swift */,
				099F0729296B98B90036CF55 /* SituationTitleView.swift */,
				096BDFD82964FEF6009ED396 /* CustomCalendarView.swift */,
				099F0723296AA4A40036CF55 /* TitleView.swift */,
			);
			path = Views;
			sourceTree = "<group>";
		};
		3B1628A1295AD9EC0077AE7B /* ViewControllers */ = {
			isa = PBXGroup;
			children = (
				3B3405D3295B108400D44722 /* AchievementViewController.swift */,
				099F073C296C2F770036CF55 /* CustomSegmentedControl.swift */,
			);
			path = ViewControllers;
			sourceTree = "<group>";
		};
		3B1628A2295AD9F80077AE7B /* Views */ = {
			isa = PBXGroup;
			children = (
				3B4B90BA29656684008C5CA8 /* MyInfoView.swift */,
				3B4B90BE29656751008C5CA8 /* AuthView.swift */,
			);
			path = Views;
			sourceTree = "<group>";
		};
		3B1628A3295AD9FD0077AE7B /* ViewControllers */ = {
			isa = PBXGroup;
			children = (
				3B3405D5295B109A00D44722 /* MyInfoViewController.swift */,
				3B4B90BC2965673E008C5CA8 /* AuthViewController.swift */,
			);
			path = ViewControllers;
			sourceTree = "<group>";
		};
		3B1628A4295ADA8F0077AE7B /* Network */ = {
			isa = PBXGroup;
			children = (
				3B1628A8295ADB230077AE7B /* Base */,
				3B1628A7295ADAB90077AE7B /* Service */,
				3B1628A6295ADAA70077AE7B /* API */,
				3B1628A5295ADAA30077AE7B /* DataModel */,
			);
			path = Network;
			sourceTree = "<group>";
		};
		3B1628A5295ADAA30077AE7B /* DataModel */ = {
			isa = PBXGroup;
			children = (
				09611EEE296FFC5D00561CAA /* Achieve */,
				09611EE8296FDC5800561CAA /* Recommend */,
				6CA2EFBF296FD30800D3E66B /* AddSituation */,
				3B90A430296F2968000D6852 /* Home */,
			);
			path = DataModel;
			sourceTree = "<group>";
		};
		3B1628A6295ADAA70077AE7B /* API */ = {
			isa = PBXGroup;
			children = (
				6CA2EFC2296FD33500D3E66B /* AddSituation */,
				09D3C536296FFD5500F1488D /* Achieve */,
				09611EEB296FDD3A00561CAA /* Recommend */,
				3B90A42D296F2925000D6852 /* Home */,
			);
			path = API;
			sourceTree = "<group>";
		};
		3B1628A7295ADAB90077AE7B /* Service */ = {
			isa = PBXGroup;
			children = (
				6CA2EFBC296FD26F00D3E66B /* AddMission */,
				09D3C539296FFDCE00F1488D /* Achieve */,
				09611EE5296FD51500561CAA /* Recommend */,
				3B90A42A296F28C4000D6852 /* Home */,
			);
			path = Service;
			sourceTree = "<group>";
		};
		3B1628A8295ADB230077AE7B /* Base */ = {
			isa = PBXGroup;
			children = (
				3B1628A9295ADB2F0077AE7B /* URLConstant.swift */,
				3B1628AB295ADB440077AE7B /* NetworkLoggerPlugin.swift */,
				3B1628AD295ADB550077AE7B /* GeneralResponse.swift */,
				3B1628AF295ADB640077AE7B /* NetworkConstant.swift */,
				3B1628B1295ADB710077AE7B /* NetworkResult.swift */,
				3BFE840C2970454E000B37CA /* NetworkBase.swift */,
			);
			path = Base;
			sourceTree = "<group>";
		};
		3B1628B5295ADC9E0077AE7B /* Resource */ = {
			isa = PBXGroup;
			children = (
				3B1628BA295ADD7D0077AE7B /* Storyboard */,
				3B3405BA295B0A0600D44722 /* Fonts */,
				3B1628B7295ADD6B0077AE7B /* Colors */,
				3B1628B6295ADD640077AE7B /* Assets */,
				3B162881295AD7870077AE7B /* Info.plist */,
			);
			path = Resource;
			sourceTree = "<group>";
		};
		3B1628B6295ADD640077AE7B /* Assets */ = {
			isa = PBXGroup;
			children = (
				3B16287C295AD7870077AE7B /* Assets.xcassets */,
			);
			path = Assets;
			sourceTree = "<group>";
		};
		3B1628B7295ADD6B0077AE7B /* Colors */ = {
			isa = PBXGroup;
			children = (
				3B1628B8295ADD750077AE7B /* Colors.xcassets */,
			);
			path = Colors;
			sourceTree = "<group>";
		};
		3B1628BA295ADD7D0077AE7B /* Storyboard */ = {
			isa = PBXGroup;
			children = (
				3B16287E295AD7870077AE7B /* LaunchScreen.storyboard */,
			);
			path = Storyboard;
			sourceTree = "<group>";
		};
		3B3405BA295B0A0600D44722 /* Fonts */ = {
			isa = PBXGroup;
			children = (
				3B3405C1295B0AAD00D44722 /* Pretendard-SemiBold.otf */,
				3B3405BF295B0A8C00D44722 /* Pretendard-Regular.otf */,
				3B3405BD295B0A8200D44722 /* Pretendard-Medium.otf */,
				3B3405BB295B0A2400D44722 /* Pretendard-Bold.otf */,
			);
			path = Fonts;
			sourceTree = "<group>";
		};
		3B3405C5295B0B1100D44722 /* UI */ = {
			isa = PBXGroup;
			children = (
				3B3405B8295B090300D44722 /* UIColor+.swift */,
				3B3405C3295B0ABB00D44722 /* UIFont+.swift */,
				3B3405D9295B12BC00D44722 /* UIImage+.swift */,
			);
			path = UI;
			sourceTree = "<group>";
		};
		3B4B90C02965B5AF008C5CA8 /* Cells */ = {
			isa = PBXGroup;
			children = (
				3B4B90C52965CB8D008C5CA8 /* myInfoUserCollectionViewCell.swift */,
				3B42D1ED2966A1C20012898E /* myInfoMenuCollectionViewCell.swift */,
				3B42D1EF2966A6320012898E /* myInfoFooterCollectionReusableView.swift */,
			);
			path = Cells;
			sourceTree = "<group>";
		};
		3B4B90CD2965F16C008C5CA8 /* Models */ = {
			isa = PBXGroup;
			children = (
				3B4B90CE2965F17A008C5CA8 /* menuModel.swift */,
			);
			path = Models;
			sourceTree = "<group>";
		};
		3B59AFB429633DE40050FF49 /* ActionSheet */ = {
			isa = PBXGroup;
			children = (
				3B59AFB529633DFF0050FF49 /* ActionSheetView.swift */,
				3B59AFBB29634D900050FF49 /* ActionSheetViewController.swift */,
			);
			path = ActionSheet;
			sourceTree = "<group>";
		};
		3B5B34A729617D3C002E1161 /* Common */ = {
			isa = PBXGroup;
			children = (
				3B59AFB429633DE40050FF49 /* ActionSheet */,
				6CF0427629633E0E000F40EB /* NavigationBarView */,
				3B5B34A829617D6A002E1161 /* NotTodoButton */,
			);
			path = Common;
			sourceTree = "<group>";
		};
		3B5B34A829617D6A002E1161 /* NotTodoButton */ = {
			isa = PBXGroup;
			children = (
				3B5B34A929617D88002E1161 /* NotTodoButton.swift */,
			);
			path = NotTodoButton;
			sourceTree = "<group>";
		};
		3B888AA529674B97008209A8 /* Models */ = {
			isa = PBXGroup;
			children = (
				3B888AA629674BA4008209A8 /* RandomData.swift */,
				3BE6CBC22969D700003A8A7B /* MissionModel.swift */,
			);
			path = Models;
			sourceTree = "<group>";
		};
		3B90A42A296F28C4000D6852 /* Home */ = {
			isa = PBXGroup;
			children = (
				3B90A42B296F28D2000D6852 /* HomeService.swift */,
			);
			path = Home;
			sourceTree = "<group>";
		};
		3B90A42D296F2925000D6852 /* Home */ = {
			isa = PBXGroup;
			children = (
				3B90A42E296F293D000D6852 /* HomeAPI.swift */,
			);
			path = Home;
			sourceTree = "<group>";
		};
		3B90A430296F2968000D6852 /* Home */ = {
			isa = PBXGroup;
			children = (
				3B90A431296F2981000D6852 /* BannerResponseDTO.swift */,
				3BFE8410297059D7000B37CA /* DailyMissionResponseDTO.swift */,
				3BFE8412297071BB000B37CA /* UpdateMissionResponseDTO.swift */,
			);
			path = Home;
			sourceTree = "<group>";
		};
		3BEF92AB2967FADD0090A290 /* Cells */ = {
			isa = PBXGroup;
			children = (
				3BEF92AC296807550090A290 /* HomeCollectionReusableView.swift */,
				3BEF92AE29686A8E0090A290 /* HomeCalendarCollectionViewCell.swift */,
				3BEF92B029696CC90090A290 /* HomeEmptyCollectionViewCell.swift */,
				3BF7CE9D296B6EBA009C13DC /* HomeMissionCollectionViewCell.swift */,
			);
			path = Cells;
			sourceTree = "<group>";
		};
		3BF7CE9F296C170A009C13DC /* OnboardingScene */ = {
			isa = PBXGroup;
			children = (
				3BF7CEA1296C1769009C13DC /* ViewControllers */,
				3BF7CEA0296C1764009C13DC /* Views */,
			);
			path = OnboardingScene;
			sourceTree = "<group>";
		};
		3BF7CEA0296C1764009C13DC /* Views */ = {
			isa = PBXGroup;
			children = (
				3BBE56E4296C213900771DE4 /* StartOnboardingView.swift */,
				3BBE56E6296C214600771DE4 /* FirstOnboardingView.swift */,
				3BBE56EA296C218D00771DE4 /* SecondOnboardingView.swift */,
				3BBE56E8296C215700771DE4 /* ThirdOnboardingView.swift */,
				3BBE56EC296C21A400771DE4 /* FinishOnboardingView.swift */,
			);
			path = Views;
			sourceTree = "<group>";
		};
		3BF7CEA1296C1769009C13DC /* ViewControllers */ = {
			isa = PBXGroup;
			children = (
				3BBE56E0296C206300771DE4 /* OnboardingStartViewController.swift */,
				3BBE56F0296C4EA400771DE4 /* FirstOnboardingViewController.swift */,
				3BBE56F2296C4EB000771DE4 /* SecondOnboardingViewController.swift */,
				3BBE56F4296C4ED100771DE4 /* ThirdOnboardingViewController.swift */,
				3BBE56F6296C4EEB00771DE4 /* FinishOnboardingViewController.swift */,
			);
			path = ViewControllers;
			sourceTree = "<group>";
		};
		6C600BB729693A0300421D7A /* MissionHistoryScene */ = {
			isa = PBXGroup;
			children = (
				6C600BBB29693A8000421D7A /* Models */,
				6C600BBA29693A7D00421D7A /* Cells */,
				6C600BB929693A7300421D7A /* ViewControllers */,
				6C600BB829693A5D00421D7A /* Views */,
			);
			path = MissionHistoryScene;
			sourceTree = "<group>";
		};
		6C600BB829693A5D00421D7A /* Views */ = {
			isa = PBXGroup;
			children = (
				6C600BC529693B5500421D7A /* MissionHistoryView.swift */,
			);
			path = Views;
			sourceTree = "<group>";
		};
		6C600BB929693A7300421D7A /* ViewControllers */ = {
			isa = PBXGroup;
			children = (
				6C600BC329693B4B00421D7A /* MissionHistoryViewController.swift */,
			);
			path = ViewControllers;
			sourceTree = "<group>";
		};
		6C600BBA29693A7D00421D7A /* Cells */ = {
			isa = PBXGroup;
			children = (
				6C600BC129693B3B00421D7A /* MissionHistoryCollectionViewCell.swift */,
			);
			path = Cells;
			sourceTree = "<group>";
		};
		6C600BBB29693A8000421D7A /* Models */ = {
			isa = PBXGroup;
			children = (
				6C600BBF29693B3100421D7A /* MissionHistoryModel.swift */,
			);
			path = Models;
			sourceTree = "<group>";
		};
		6C8826082967D30C0005E222 /* AddSituationScene */ = {
			isa = PBXGroup;
			children = (
				6C8826102967D84E0005E222 /* Models */,
				6C88260D2967D8120005E222 /* Cells */,
				6C88260A2967D32C0005E222 /* ViewControllers */,
				6C8826092967D3280005E222 /* Views */,
			);
			path = AddSituationScene;
			sourceTree = "<group>";
		};
		6C8826092967D3280005E222 /* Views */ = {
			isa = PBXGroup;
			children = (
				6C8826062967D2EF0005E222 /* AddSituationView.swift */,
				6C882613296819560005E222 /* LeftAlignedCollectionViewFlowLayout.swift */,
			);
			path = Views;
			sourceTree = "<group>";
		};
		6C88260A2967D32C0005E222 /* ViewControllers */ = {
			isa = PBXGroup;
			children = (
				6C88260B2967D36B0005E222 /* AddSituationViewController.swift */,
			);
			path = ViewControllers;
			sourceTree = "<group>";
		};
		6C88260D2967D8120005E222 /* Cells */ = {
			isa = PBXGroup;
			children = (
				6C88260E2967D8280005E222 /* AddSituationCollectionViewCell.swift */,
				6C8826152968221C0005E222 /* AddSituationHeaderView.swift */,
				6C600BCB2969FCBC00421D7A /* EmptyRecentViewCell.swift */,
				6CA38695296A82B10049D28A /* AddSituationFooterView.swift */,
			);
			path = Cells;
			sourceTree = "<group>";
		};
		6C8826102967D84E0005E222 /* Models */ = {
			isa = PBXGroup;
			children = (
				6C8826112967D85F0005E222 /* AddSituationModel.swift */,
			);
			path = Models;
			sourceTree = "<group>";
		};
		6CA2EFBC296FD26F00D3E66B /* AddMission */ = {
			isa = PBXGroup;
			children = (
				6CA2EFBD296FD28400D3E66B /* AddMissionService.swift */,
			);
			path = AddMission;
			sourceTree = "<group>";
		};
		6CA2EFBF296FD30800D3E66B /* AddSituation */ = {
			isa = PBXGroup;
			children = (
				6CA2EFB8296FD0D400D3E66B /* AddSituationResponseDTO.swift */,
				6CCBCF92297061200093C0F3 /* MissionHistoryDTO.swift */,
				6CCBCF9629707A790093C0F3 /* AddMissionReqeustDTO.swift */,
				6CCBCF9829707AD80093C0F3 /* AddMissionResponseDTO.swift */,
			);
			path = AddSituation;
			sourceTree = "<group>";
		};
		6CA2EFC2296FD33500D3E66B /* AddSituation */ = {
			isa = PBXGroup;
			children = (
				6CA2EFBA296FD16800D3E66B /* AddSituationAPI.swift */,
				6CCBCF90297060550093C0F3 /* MissionHistoryAPI.swift */,
				6CCBCF94297075590093C0F3 /* AddMissionAPI.swift */,
			);
			path = AddSituation;
			sourceTree = "<group>";
		};
		6CC79FF7296C62D500A29DFE /* Cells */ = {
			isa = PBXGroup;
			children = (
				6CC79FF8296C63B000A29DFE /* AddBehaviorCollectionViewCell.swift */,
			);
			path = Cells;
			sourceTree = "<group>";
		};
		6CC79FFA296C649000A29DFE /* Models */ = {
			isa = PBXGroup;
			children = (
				6CC79FFB296C64AD00A29DFE /* AddBehaviorModel.swift */,
			);
			path = Models;
			sourceTree = "<group>";
		};
		6CDC2D0A2963E2A100BFF5F4 /* Views */ = {
			isa = PBXGroup;
			children = (
				6CDC2D1429641BE000BFF5F4 /* AddMissionTitleView.swift */,
				6CDC2D0B2963E2AF00BFF5F4 /* AddMissionView.swift */,
				6CDC2D202966C86D00BFF5F4 /* AddMissionTextField.swift */,
			);
			path = Views;
			sourceTree = "<group>";
		};
		6CF0427629633E0E000F40EB /* NavigationBarView */ = {
			isa = PBXGroup;
			children = (
				6CF0427729633E58000F40EB /* NavigationBarView.swift */,
			);
			path = NavigationBarView;
			sourceTree = "<group>";
		};
/* End PBXGroup section */

/* Begin PBXNativeTarget section */
		3B16286F295AD7860077AE7B /* NotToDo */ = {
			isa = PBXNativeTarget;
			buildConfigurationList = 3B162884295AD7870077AE7B /* Build configuration list for PBXNativeTarget "NotToDo" */;
			buildPhases = (
				3B1628BB295ADF280077AE7B /* SwiftLint Script */,
				3B16286D295AD7860077AE7B /* Frameworks */,
				3B16286E295AD7860077AE7B /* Resources */,
				6C78AA66296F1B8B00B81796 /* Sources */,
			);
			buildRules = (
			);
			dependencies = (
			);
			name = NotToDo;
			packageProductDependencies = (
				090FA2F42960B70400918AED /* SnapKit */,
				090FA2F72960B74000918AED /* Then */,
				090FA2FA2960B87500918AED /* Moya */,
				096BDFD42960B910009ED396 /* FSCalendar */,
				3B4187D4296D5D8700F0FBF4 /* IQKeyboardManagerSwift */,
				3BFE840A29704534000B37CA /* Kingfisher */,
			);
			productName = NotToDo;
			productReference = 3B162870295AD7860077AE7B /* NotToDo.app */;
			productType = "com.apple.product-type.application";
		};
/* End PBXNativeTarget section */

/* Begin PBXProject section */
		3B162868295AD7860077AE7B /* Project object */ = {
			isa = PBXProject;
			attributes = {
				BuildIndependentTargetsInParallel = 1;
				LastSwiftUpdateCheck = 1420;
				LastUpgradeCheck = 1420;
				TargetAttributes = {
					3B16286F295AD7860077AE7B = {
						CreatedOnToolsVersion = 14.2;
					};
				};
			};
			buildConfigurationList = 3B16286B295AD7860077AE7B /* Build configuration list for PBXProject "NotToDo" */;
			compatibilityVersion = "Xcode 14.0";
			developmentRegion = en;
			hasScannedForEncodings = 0;
			knownRegions = (
				en,
				Base,
			);
			mainGroup = 3B162867295AD7860077AE7B;
			packageReferences = (
				090FA2F32960B70400918AED /* XCRemoteSwiftPackageReference "SnapKit" */,
				090FA2F62960B74000918AED /* XCRemoteSwiftPackageReference "Then" */,
				090FA2F92960B87500918AED /* XCRemoteSwiftPackageReference "Moya" */,
				096BDFD32960B910009ED396 /* XCRemoteSwiftPackageReference "FSCalendar" */,
				3B4187D3296D5D8700F0FBF4 /* XCRemoteSwiftPackageReference "IQKeyboardManager" */,
				3BFE840929704534000B37CA /* XCRemoteSwiftPackageReference "Kingfisher" */,
			);
			productRefGroup = 3B162871295AD7860077AE7B /* Products */;
			projectDirPath = "";
			projectRoot = "";
			targets = (
				3B16286F295AD7860077AE7B /* NotToDo */,
			);
		};
/* End PBXProject section */

/* Begin PBXResourcesBuildPhase section */
		3B16286E295AD7860077AE7B /* Resources */ = {
			isa = PBXResourcesBuildPhase;
			buildActionMask = 2147483647;
			files = (
				3B3405B7295B05D400D44722 /* .swiftlint.yml in Resources */,
				3B3405BC295B0A2400D44722 /* Pretendard-Bold.otf in Resources */,
				090FA2E7295F51BB00918AED /* GoogleService-Info.plist in Resources */,
				3B1628B9295ADD750077AE7B /* Colors.xcassets in Resources */,
				3B3405C2295B0AAE00D44722 /* Pretendard-SemiBold.otf in Resources */,
				3B162880295AD7870077AE7B /* LaunchScreen.storyboard in Resources */,
				3B3405C0295B0A8C00D44722 /* Pretendard-Regular.otf in Resources */,
				3B16287D295AD7870077AE7B /* Assets.xcassets in Resources */,
				3B3405BE295B0A8200D44722 /* Pretendard-Medium.otf in Resources */,
			);
			runOnlyForDeploymentPostprocessing = 0;
		};
/* End PBXResourcesBuildPhase section */

/* Begin PBXShellScriptBuildPhase section */
		3B1628BB295ADF280077AE7B /* SwiftLint Script */ = {
			isa = PBXShellScriptBuildPhase;
			alwaysOutOfDate = 1;
			buildActionMask = 2147483647;
			files = (
			);
			inputFileListPaths = (
			);
			inputPaths = (
			);
			name = "SwiftLint Script";
			outputFileListPaths = (
			);
			outputPaths = (
			);
			runOnlyForDeploymentPostprocessing = 0;
			shellPath = /bin/sh;
			shellScript = "export PATH=\"$PATH:/opt/homebrew/bin\"\n\nif which swiftlint > /dev/null; then\n  swiftlint\nelse\n  echo \"warning: SwiftLint not installed, download from https://github.com/realm/SwiftLint\"\nfi\n";
		};
/* End PBXShellScriptBuildPhase section */

/* Begin PBXSourcesBuildPhase section */
		6C78AA66296F1B8B00B81796 /* Sources */ = {
			isa = PBXSourcesBuildPhase;
			buildActionMask = 2147483647;
			files = (
				099F06CD29672DCA0036CF55 /* CustomTabBarItem.swift in Sources */,
				3B59AFBC29634D900050FF49 /* ActionSheetViewController.swift in Sources */,
				6C600BC629693B5500421D7A /* MissionHistoryView.swift in Sources */,
				3BBE56F7296C4EEB00771DE4 /* FinishOnboardingViewController.swift in Sources */,
				6C88260C2967D36B0005E222 /* AddSituationViewController.swift in Sources */,
				3BE07015296F44C3002CC50A /* CustomTabBar.swift in Sources */,
				096BE0192966A18A009ED396 /* CustomPaddingLabel.swift in Sources */,
				6CA2EFB9296FD0D400D3E66B /* AddSituationResponseDTO.swift in Sources */,
				3B5ED42C2961DC310052D2B8 /* HomeView.swift in Sources */,
				3BFE8411297059D7000B37CA /* DailyMissionResponseDTO.swift in Sources */,
				3BE07002296F43A2002CC50A /* UIButton+.swift in Sources */,
				6C600BC429693B4B00421D7A /* MissionHistoryViewController.swift in Sources */,
				099F073D296C2F770036CF55 /* CustomSegmentedControl.swift in Sources */,
				096BE0212966A24A009ED396 /* NestedCollectionViewCell.swift in Sources */,
				3BEF92AD296807550090A290 /* HomeCollectionReusableView.swift in Sources */,
				6CC79FFC296C64AD00A29DFE /* AddBehaviorModel.swift in Sources */,
				3BBE56E1296C206300771DE4 /* OnboardingStartViewController.swift in Sources */,
				6C600BC229693B3B00421D7A /* MissionHistoryCollectionViewCell.swift in Sources */,
				3B4B90BB29656684008C5CA8 /* MyInfoView.swift in Sources */,
				3BE07016296F44C9002CC50A /* TabBarItem.swift in Sources */,
				3BFE840F297045D4000B37CA /* UIImageView+.swift in Sources */,
				6CC79FF9296C63B000A29DFE /* AddBehaviorCollectionViewCell.swift in Sources */,
				3BE07008296F43A2002CC50A /* UILabel+.swift in Sources */,
				09611EE7296FD52700561CAA /* RecommendService.swift in Sources */,
				3B42D1F02966A6320012898E /* myInfoFooterCollectionReusableView.swift in Sources */,
				3BE0701B296F455C002CC50A /* HomeViewController.swift in Sources */,
				3BFE8405296FD103000B37CA /* CheckboxToolTipViewController.swift in Sources */,
				3BE07003296F43A2002CC50A /* UIFont+.swift in Sources */,
				3B888AA729674BA4008209A8 /* RandomData.swift in Sources */,
				096BDFF02965104B009ED396 /* MissionStatisticsView.swift in Sources */,
				6CCBCF93297061200093C0F3 /* MissionHistoryDTO.swift in Sources */,
				3BFE840D2970454E000B37CA /* NetworkBase.swift in Sources */,
				09D3C53D29700DC800F1488D /* AchieveService.swift in Sources */,
				3BE07011296F4450002CC50A /* URLConstant.swift in Sources */,
				6CF0427829633E58000F40EB /* NavigationBarView.swift in Sources */,
				6C882614296819560005E222 /* LeftAlignedCollectionViewFlowLayout.swift in Sources */,
				3BE07010296F4449002CC50A /* NetworkLoggerPlugin.swift in Sources */,
				3B5B34AA29617D88002E1161 /* NotTodoButton.swift in Sources */,
				3BEF92B129696CC90090A290 /* HomeEmptyCollectionViewCell.swift in Sources */,
				099F071C296A93810036CF55 /* TableHeaderView.swift in Sources */,
				096BDFEE29651040009ED396 /* SituationStatisticsView.swift in Sources */,
				096BDFF7296522C6009ED396 /* CustomAchieveLabel.swift in Sources */,
				6C8826072967D2EF0005E222 /* AddSituationView.swift in Sources */,
				3BE0701A296F454B002CC50A /* RecommendViewController.swift in Sources */,
				3BE07014296F44A2002CC50A /* TabBarController.swift in Sources */,
				096BDFF7296522C6009ED396 /* CustomAchieveLabel.swift in Sources */,
				3B90A42F296F293D000D6852 /* HomeAPI.swift in Sources */,
				3BE0700A296F43A2002CC50A /* CALayer+.swift in Sources */,
				3BBE56EB296C218D00771DE4 /* SecondOnboardingView.swift in Sources */,
				3B90A432296F2981000D6852 /* BannerResponseDTO.swift in Sources */,
				09611EEA296FDC6300561CAA /* RecommendDTO.swift in Sources */,
				3BE0700F296F4406002CC50A /* GeneralResponse.swift in Sources */,
				3BE07019296F453F002CC50A /* AddMissionViewController.swift in Sources */,
				099F0728296B94790036CF55 /* StatisticsEmptyTableViewCell.swift in Sources */,
				3B42D1EE2966A1C20012898E /* myInfoMenuCollectionViewCell.swift in Sources */,
				3BF7CE9E296B6EBA009C13DC /* HomeMissionCollectionViewCell.swift in Sources */,
				6CA38696296A82B10049D28A /* AddSituationFooterView.swift in Sources */,
				3BBE56E9296C215700771DE4 /* ThirdOnboardingView.swift in Sources */,
				3BE0700B296F43A2002CC50A /* adjust+.swift in Sources */,
				3B162874295AD7860077AE7B /* AppDelegate.swift in Sources */,
				3BEF92AF29686A8E0090A290 /* HomeCalendarCollectionViewCell.swift in Sources */,
				096BE0172966A142009ED396 /* CustomTabBarCell.swift in Sources */,
				3BE07017296F44D3002CC50A /* MyInfoViewController.swift in Sources */,
				3BE07006296F43A2002CC50A /* UIStackView+.swift in Sources */,
				3BBE56E5296C213900771DE4 /* StartOnboardingView.swift in Sources */,
				3BE07005296F43A2002CC50A /* UIColor+.swift in Sources */,
				3BE6CBC32969D700003A8A7B /* MissionModel.swift in Sources */,
				096BE01F2966A1FA009ED396 /* NestedView.swift in Sources */,
				09D3C53F29700F7B00F1488D /* MissionStatisticsAPI.swift in Sources */,
				09F695DB296C52B600877EA7 /* MissionTableViewCell.swift in Sources */,
				09D3C5412970101400F1488D /* MissionStatisticsReponse.swift in Sources */,
				3BE0700C296F43A2002CC50A /* UIView+.swift in Sources */,
				3BE07013296F4456002CC50A /* NetworkResult.swift in Sources */,
				09F695DD296C52F000877EA7 /* SituationTableViewCell.swift in Sources */,
				6C600BC029693B3100421D7A /* MissionHistoryModel.swift in Sources */,
				6C8826122967D85F0005E222 /* AddSituationModel.swift in Sources */,
				6C600BCC2969FCBC00421D7A /* EmptyRecentViewCell.swift in Sources */,
				3BE07004296F43A2002CC50A /* UIDevice+.swift in Sources */,
				09D3C535296FFD3500F1488D /* SituationStasticsResponse.swift in Sources */,
				6CCBCF9729707A790093C0F3 /* AddMissionReqeustDTO.swift in Sources */,
				6CA2EFBE296FD28400D3E66B /* AddMissionService.swift in Sources */,
				3BBE56F5296C4ED100771DE4 /* ThirdOnboardingViewController.swift in Sources */,
				3BBE56E7296C214600771DE4 /* FirstOnboardingView.swift in Sources */,
				09F695D9296C332D00877EA7 /* CompositionalLayout.swift in Sources */,
				3B4B90C62965CB8D008C5CA8 /* myInfoUserCollectionViewCell.swift in Sources */,
				6C88260F2967D8280005E222 /* AddSituationCollectionViewCell.swift in Sources */,
				3B59AFB8296346650050FF49 /* Numbers.swift in Sources */,
				6CDC2D212966C86D00BFF5F4 /* AddMissionTextField.swift in Sources */,
				6CA2EFBB296FD16800D3E66B /* AddSituationAPI.swift in Sources */,
				3BFE8413297071BB000B37CA /* UpdateMissionResponseDTO.swift in Sources */,
				3BE07012296F4454002CC50A /* NetworkConstant.swift in Sources */,
				3BE07018296F44E8002CC50A /* AchievementViewController.swift in Sources */,
				3BE0700D296F43A2002CC50A /* UIViewController+.swift in Sources */,
				096BE0232966A296009ED396 /* RecommendCollectionViewCell.swift in Sources */,
				6CCBCF91297060550093C0F3 /* MissionHistoryAPI.swift in Sources */,
				3BBE56ED296C21A400771DE4 /* FinishOnboardingView.swift in Sources */,
				09611EED296FDD4200561CAA /* RecommendAPI.swift in Sources */,
				096BE01B2966A1B3009ED396 /* RecommendHeaderView.swift in Sources */,
				3BE07007296F43A2002CC50A /* UIImage+.swift in Sources */,
				3BBE56F1296C4EA400771DE4 /* FirstOnboardingViewController.swift in Sources */,
				3B4B90BF29656751008C5CA8 /* AuthView.swift in Sources */,
				3B59AFB629633DFF0050FF49 /* ActionSheetView.swift in Sources */,
				6CDC2D0C2963E2AF00BFF5F4 /* AddMissionView.swift in Sources */,
				6CDC2D1529641BE000BFF5F4 /* AddMissionTitleView.swift in Sources */,
				6CCBCF9929707AD80093C0F3 /* AddMissionResponseDTO.swift in Sources */,
				6CCBCF95297075590093C0F3 /* AddMissionAPI.swift in Sources */,
				3B162876295AD7860077AE7B /* SceneDelegate.swift in Sources */,
				3B90A42C296F28D2000D6852 /* HomeService.swift in Sources */,
				3BE07009296F43A2002CC50A /* UITabBar+.swift in Sources */,
				6C8826162968221C0005E222 /* AddSituationHeaderView.swift in Sources */,
				099F06CF296732970036CF55 /* CustomTabBarView.swift in Sources */,
				09F695DF296C533200877EA7 /* BackgroundSupplementaryView.swift in Sources */,
				3BE0700E296F43B6002CC50A /* Strings.swift in Sources */,
				099F06FA2967EE9F0036CF55 /* LabelCollectionViewCell.swift in Sources */,
				3BBE56F3296C4EB000771DE4 /* SecondOnboardingViewController.swift in Sources */,
				096BDFD92964FEF6009ED396 /* CustomCalendarView.swift in Sources */,
				099F072A296B98B90036CF55 /* SituationTitleView.swift in Sources */,
				3B4B90BD2965673E008C5CA8 /* AuthViewController.swift in Sources */,
				09D3C538296FFD7C00F1488D /* SituationStatisticsAPI.swift in Sources */,
				099F0724296AA4A40036CF55 /* TitleView.swift in Sources */,
				3B4B90CF2965F17A008C5CA8 /* menuModel.swift in Sources */,
			);
			runOnlyForDeploymentPostprocessing = 0;
		};
/* End PBXSourcesBuildPhase section */

/* Begin PBXVariantGroup section */
		3B16287E295AD7870077AE7B /* LaunchScreen.storyboard */ = {
			isa = PBXVariantGroup;
			children = (
				3B16287F295AD7870077AE7B /* Base */,
			);
			name = LaunchScreen.storyboard;
			sourceTree = "<group>";
		};
/* End PBXVariantGroup section */

/* Begin XCBuildConfiguration section */
		3B162882295AD7870077AE7B /* Debug */ = {
			isa = XCBuildConfiguration;
			buildSettings = {
				ALWAYS_SEARCH_USER_PATHS = NO;
				CLANG_ANALYZER_NONNULL = YES;
				CLANG_ANALYZER_NUMBER_OBJECT_CONVERSION = YES_AGGRESSIVE;
				CLANG_CXX_LANGUAGE_STANDARD = "gnu++20";
				CLANG_ENABLE_MODULES = YES;
				CLANG_ENABLE_OBJC_ARC = YES;
				CLANG_ENABLE_OBJC_WEAK = YES;
				CLANG_WARN_BLOCK_CAPTURE_AUTORELEASING = YES;
				CLANG_WARN_BOOL_CONVERSION = YES;
				CLANG_WARN_COMMA = YES;
				CLANG_WARN_CONSTANT_CONVERSION = YES;
				CLANG_WARN_DEPRECATED_OBJC_IMPLEMENTATIONS = YES;
				CLANG_WARN_DIRECT_OBJC_ISA_USAGE = YES_ERROR;
				CLANG_WARN_DOCUMENTATION_COMMENTS = YES;
				CLANG_WARN_EMPTY_BODY = YES;
				CLANG_WARN_ENUM_CONVERSION = YES;
				CLANG_WARN_INFINITE_RECURSION = YES;
				CLANG_WARN_INT_CONVERSION = YES;
				CLANG_WARN_NON_LITERAL_NULL_CONVERSION = YES;
				CLANG_WARN_OBJC_IMPLICIT_RETAIN_SELF = YES;
				CLANG_WARN_OBJC_LITERAL_CONVERSION = YES;
				CLANG_WARN_OBJC_ROOT_CLASS = YES_ERROR;
				CLANG_WARN_QUOTED_INCLUDE_IN_FRAMEWORK_HEADER = YES;
				CLANG_WARN_RANGE_LOOP_ANALYSIS = YES;
				CLANG_WARN_STRICT_PROTOTYPES = YES;
				CLANG_WARN_SUSPICIOUS_MOVE = YES;
				CLANG_WARN_UNGUARDED_AVAILABILITY = YES_AGGRESSIVE;
				CLANG_WARN_UNREACHABLE_CODE = YES;
				CLANG_WARN__DUPLICATE_METHOD_MATCH = YES;
				COPY_PHASE_STRIP = NO;
				DEBUG_INFORMATION_FORMAT = dwarf;
				ENABLE_STRICT_OBJC_MSGSEND = YES;
				ENABLE_TESTABILITY = YES;
				GCC_C_LANGUAGE_STANDARD = gnu11;
				GCC_DYNAMIC_NO_PIC = NO;
				GCC_NO_COMMON_BLOCKS = YES;
				GCC_OPTIMIZATION_LEVEL = 0;
				GCC_PREPROCESSOR_DEFINITIONS = (
					"DEBUG=1",
					"$(inherited)",
				);
				GCC_WARN_64_TO_32_BIT_CONVERSION = YES;
				GCC_WARN_ABOUT_RETURN_TYPE = YES_ERROR;
				GCC_WARN_UNDECLARED_SELECTOR = YES;
				GCC_WARN_UNINITIALIZED_AUTOS = YES_AGGRESSIVE;
				GCC_WARN_UNUSED_FUNCTION = YES;
				GCC_WARN_UNUSED_VARIABLE = YES;
				IPHONEOS_DEPLOYMENT_TARGET = 15.0;
				MTL_ENABLE_DEBUG_INFO = INCLUDE_SOURCE;
				MTL_FAST_MATH = YES;
				ONLY_ACTIVE_ARCH = YES;
				SDKROOT = iphoneos;
				SWIFT_ACTIVE_COMPILATION_CONDITIONS = DEBUG;
				SWIFT_OPTIMIZATION_LEVEL = "-Onone";
			};
			name = Debug;
		};
		3B162883295AD7870077AE7B /* Release */ = {
			isa = XCBuildConfiguration;
			buildSettings = {
				ALWAYS_SEARCH_USER_PATHS = NO;
				CLANG_ANALYZER_NONNULL = YES;
				CLANG_ANALYZER_NUMBER_OBJECT_CONVERSION = YES_AGGRESSIVE;
				CLANG_CXX_LANGUAGE_STANDARD = "gnu++20";
				CLANG_ENABLE_MODULES = YES;
				CLANG_ENABLE_OBJC_ARC = YES;
				CLANG_ENABLE_OBJC_WEAK = YES;
				CLANG_WARN_BLOCK_CAPTURE_AUTORELEASING = YES;
				CLANG_WARN_BOOL_CONVERSION = YES;
				CLANG_WARN_COMMA = YES;
				CLANG_WARN_CONSTANT_CONVERSION = YES;
				CLANG_WARN_DEPRECATED_OBJC_IMPLEMENTATIONS = YES;
				CLANG_WARN_DIRECT_OBJC_ISA_USAGE = YES_ERROR;
				CLANG_WARN_DOCUMENTATION_COMMENTS = YES;
				CLANG_WARN_EMPTY_BODY = YES;
				CLANG_WARN_ENUM_CONVERSION = YES;
				CLANG_WARN_INFINITE_RECURSION = YES;
				CLANG_WARN_INT_CONVERSION = YES;
				CLANG_WARN_NON_LITERAL_NULL_CONVERSION = YES;
				CLANG_WARN_OBJC_IMPLICIT_RETAIN_SELF = YES;
				CLANG_WARN_OBJC_LITERAL_CONVERSION = YES;
				CLANG_WARN_OBJC_ROOT_CLASS = YES_ERROR;
				CLANG_WARN_QUOTED_INCLUDE_IN_FRAMEWORK_HEADER = YES;
				CLANG_WARN_RANGE_LOOP_ANALYSIS = YES;
				CLANG_WARN_STRICT_PROTOTYPES = YES;
				CLANG_WARN_SUSPICIOUS_MOVE = YES;
				CLANG_WARN_UNGUARDED_AVAILABILITY = YES_AGGRESSIVE;
				CLANG_WARN_UNREACHABLE_CODE = YES;
				CLANG_WARN__DUPLICATE_METHOD_MATCH = YES;
				COPY_PHASE_STRIP = NO;
				DEBUG_INFORMATION_FORMAT = "dwarf-with-dsym";
				ENABLE_NS_ASSERTIONS = NO;
				ENABLE_STRICT_OBJC_MSGSEND = YES;
				GCC_C_LANGUAGE_STANDARD = gnu11;
				GCC_NO_COMMON_BLOCKS = YES;
				GCC_WARN_64_TO_32_BIT_CONVERSION = YES;
				GCC_WARN_ABOUT_RETURN_TYPE = YES_ERROR;
				GCC_WARN_UNDECLARED_SELECTOR = YES;
				GCC_WARN_UNINITIALIZED_AUTOS = YES_AGGRESSIVE;
				GCC_WARN_UNUSED_FUNCTION = YES;
				GCC_WARN_UNUSED_VARIABLE = YES;
				IPHONEOS_DEPLOYMENT_TARGET = 15.0;
				MTL_ENABLE_DEBUG_INFO = NO;
				MTL_FAST_MATH = YES;
				SDKROOT = iphoneos;
				SWIFT_COMPILATION_MODE = wholemodule;
				SWIFT_OPTIMIZATION_LEVEL = "-O";
				VALIDATE_PRODUCT = YES;
			};
			name = Release;
		};
		3B162885295AD7870077AE7B /* Debug */ = {
			isa = XCBuildConfiguration;
			buildSettings = {
				ASSETCATALOG_COMPILER_APPICON_NAME = AppIcon;
				ASSETCATALOG_COMPILER_GLOBAL_ACCENT_COLOR_NAME = AccentColor;
				CODE_SIGN_IDENTITY = "Apple Development";
				CODE_SIGN_STYLE = Automatic;
				CURRENT_PROJECT_VERSION = 1;
				DEVELOPMENT_TEAM = CQJ9UKUU35;
				GENERATE_INFOPLIST_FILE = YES;
				INFOPLIST_FILE = NotToDo/Resource/Info.plist;
				INFOPLIST_KEY_UIApplicationSupportsIndirectInputEvents = YES;
				INFOPLIST_KEY_UILaunchStoryboardName = LaunchScreen;
				INFOPLIST_KEY_UISupportedInterfaceOrientations_iPad = "UIInterfaceOrientationPortrait UIInterfaceOrientationPortraitUpsideDown UIInterfaceOrientationLandscapeLeft UIInterfaceOrientationLandscapeRight";
				INFOPLIST_KEY_UISupportedInterfaceOrientations_iPhone = "UIInterfaceOrientationPortrait UIInterfaceOrientationLandscapeLeft UIInterfaceOrientationLandscapeRight";
				IPHONEOS_DEPLOYMENT_TARGET = 15.0;
				LD_RUNPATH_SEARCH_PATHS = (
					"$(inherited)",
					"@executable_path/Frameworks",
				);
				MARKETING_VERSION = 1.0;
				PRODUCT_BUNDLE_IDENTIFIER = sopt.org.NotToDo;
				PRODUCT_NAME = "$(TARGET_NAME)";
				PROVISIONING_PROFILE_SPECIFIER = "";
				SWIFT_EMIT_LOC_STRINGS = YES;
				SWIFT_VERSION = 5.0;
				TARGETED_DEVICE_FAMILY = "1,2";
			};
			name = Debug;
		};
		3B162886295AD7870077AE7B /* Release */ = {
			isa = XCBuildConfiguration;
			buildSettings = {
				ASSETCATALOG_COMPILER_APPICON_NAME = AppIcon;
				ASSETCATALOG_COMPILER_GLOBAL_ACCENT_COLOR_NAME = AccentColor;
				CODE_SIGN_IDENTITY = "Apple Development";
				CODE_SIGN_STYLE = Automatic;
				CURRENT_PROJECT_VERSION = 1;
				DEVELOPMENT_TEAM = CQJ9UKUU35;
				GENERATE_INFOPLIST_FILE = YES;
				INFOPLIST_FILE = NotToDo/Resource/Info.plist;
				INFOPLIST_KEY_UIApplicationSupportsIndirectInputEvents = YES;
				INFOPLIST_KEY_UILaunchStoryboardName = LaunchScreen;
				INFOPLIST_KEY_UISupportedInterfaceOrientations_iPad = "UIInterfaceOrientationPortrait UIInterfaceOrientationPortraitUpsideDown UIInterfaceOrientationLandscapeLeft UIInterfaceOrientationLandscapeRight";
				INFOPLIST_KEY_UISupportedInterfaceOrientations_iPhone = "UIInterfaceOrientationPortrait UIInterfaceOrientationLandscapeLeft UIInterfaceOrientationLandscapeRight";
				IPHONEOS_DEPLOYMENT_TARGET = 15.0;
				LD_RUNPATH_SEARCH_PATHS = (
					"$(inherited)",
					"@executable_path/Frameworks",
				);
				MARKETING_VERSION = 1.0;
				PRODUCT_BUNDLE_IDENTIFIER = sopt.org.NotToDo;
				PRODUCT_NAME = "$(TARGET_NAME)";
				PROVISIONING_PROFILE_SPECIFIER = "";
				SWIFT_EMIT_LOC_STRINGS = YES;
				SWIFT_VERSION = 5.0;
				TARGETED_DEVICE_FAMILY = "1,2";
			};
			name = Release;
		};
/* End XCBuildConfiguration section */

/* Begin XCConfigurationList section */
		3B16286B295AD7860077AE7B /* Build configuration list for PBXProject "NotToDo" */ = {
			isa = XCConfigurationList;
			buildConfigurations = (
				3B162882295AD7870077AE7B /* Debug */,
				3B162883295AD7870077AE7B /* Release */,
			);
			defaultConfigurationIsVisible = 0;
			defaultConfigurationName = Release;
		};
		3B162884295AD7870077AE7B /* Build configuration list for PBXNativeTarget "NotToDo" */ = {
			isa = XCConfigurationList;
			buildConfigurations = (
				3B162885295AD7870077AE7B /* Debug */,
				3B162886295AD7870077AE7B /* Release */,
			);
			defaultConfigurationIsVisible = 0;
			defaultConfigurationName = Release;
		};
/* End XCConfigurationList section */

/* Begin XCRemoteSwiftPackageReference section */
		090FA2F32960B70400918AED /* XCRemoteSwiftPackageReference "SnapKit" */ = {
			isa = XCRemoteSwiftPackageReference;
			repositoryURL = "https://github.com/SnapKit/SnapKit";
			requirement = {
				branch = develop;
				kind = branch;
			};
		};
		090FA2F62960B74000918AED /* XCRemoteSwiftPackageReference "Then" */ = {
			isa = XCRemoteSwiftPackageReference;
			repositoryURL = "https://github.com/devxoul/Then";
			requirement = {
				branch = master;
				kind = branch;
			};
		};
		090FA2F92960B87500918AED /* XCRemoteSwiftPackageReference "Moya" */ = {
			isa = XCRemoteSwiftPackageReference;
			repositoryURL = "https://github.com/Moya/Moya";
			requirement = {
				branch = master;
				kind = branch;
			};
		};
		096BDFD32960B910009ED396 /* XCRemoteSwiftPackageReference "FSCalendar" */ = {
			isa = XCRemoteSwiftPackageReference;
			repositoryURL = "https://github.com/WenchaoD/FSCalendar.git";
			requirement = {
				kind = upToNextMajorVersion;
				minimumVersion = 2.0.0;
			};
		};
		3B4187D3296D5D8700F0FBF4 /* XCRemoteSwiftPackageReference "IQKeyboardManager" */ = {
			isa = XCRemoteSwiftPackageReference;
			repositoryURL = "https://github.com/hackiftekhar/IQKeyboardManager";
			requirement = {
				branch = master;
				kind = branch;
			};
		};
		3BFE840929704534000B37CA /* XCRemoteSwiftPackageReference "Kingfisher" */ = {
			isa = XCRemoteSwiftPackageReference;
			repositoryURL = "https://github.com/onevcat/Kingfisher.git";
			requirement = {
				branch = master;
				kind = branch;
			};
		};
/* End XCRemoteSwiftPackageReference section */

/* Begin XCSwiftPackageProductDependency section */
		090FA2F42960B70400918AED /* SnapKit */ = {
			isa = XCSwiftPackageProductDependency;
			package = 090FA2F32960B70400918AED /* XCRemoteSwiftPackageReference "SnapKit" */;
			productName = SnapKit;
		};
		090FA2F72960B74000918AED /* Then */ = {
			isa = XCSwiftPackageProductDependency;
			package = 090FA2F62960B74000918AED /* XCRemoteSwiftPackageReference "Then" */;
			productName = Then;
		};
		090FA2FA2960B87500918AED /* Moya */ = {
			isa = XCSwiftPackageProductDependency;
			package = 090FA2F92960B87500918AED /* XCRemoteSwiftPackageReference "Moya" */;
			productName = Moya;
		};
		096BDFD42960B910009ED396 /* FSCalendar */ = {
			isa = XCSwiftPackageProductDependency;
			package = 096BDFD32960B910009ED396 /* XCRemoteSwiftPackageReference "FSCalendar" */;
			productName = FSCalendar;
		};
		3B4187D4296D5D8700F0FBF4 /* IQKeyboardManagerSwift */ = {
			isa = XCSwiftPackageProductDependency;
			package = 3B4187D3296D5D8700F0FBF4 /* XCRemoteSwiftPackageReference "IQKeyboardManager" */;
			productName = IQKeyboardManagerSwift;
		};
		3BFE840A29704534000B37CA /* Kingfisher */ = {
			isa = XCSwiftPackageProductDependency;
			package = 3BFE840929704534000B37CA /* XCRemoteSwiftPackageReference "Kingfisher" */;
			productName = Kingfisher;
		};
/* End XCSwiftPackageProductDependency section */
	};
	rootObject = 3B162868295AD7860077AE7B /* Project object */;
}
