// !$*UTF8*$!
{
	archiveVersion = 1;
	classes = {
	};
	objectVersion = 56;
	objects = {

/* Begin PBXBuildFile section */
		3B162874295AD7860077AE7B /* AppDelegate.swift in Sources */ = {isa = PBXBuildFile; fileRef = 3B162873295AD7860077AE7B /* AppDelegate.swift */; };
		3B162876295AD7860077AE7B /* SceneDelegate.swift in Sources */ = {isa = PBXBuildFile; fileRef = 3B162875295AD7860077AE7B /* SceneDelegate.swift */; };
		3B162878295AD7860077AE7B /* ViewController.swift in Sources */ = {isa = PBXBuildFile; fileRef = 3B162877295AD7860077AE7B /* ViewController.swift */; };
		3B16287D295AD7870077AE7B /* Assets.xcassets in Resources */ = {isa = PBXBuildFile; fileRef = 3B16287C295AD7870077AE7B /* Assets.xcassets */; };
		3B162880295AD7870077AE7B /* LaunchScreen.storyboard in Resources */ = {isa = PBXBuildFile; fileRef = 3B16287E295AD7870077AE7B /* LaunchScreen.storyboard */; };
		3B16288B295AD82F0077AE7B /* UIView+.swift in Sources */ = {isa = PBXBuildFile; fileRef = 3B16288A295AD82F0077AE7B /* UIView+.swift */; };
		3B16288D295AD8380077AE7B /* UIStackView+.swift in Sources */ = {isa = PBXBuildFile; fileRef = 3B16288C295AD8380077AE7B /* UIStackView+.swift */; };
		3B162890295AD89C0077AE7B /* Strings.swift in Sources */ = {isa = PBXBuildFile; fileRef = 3B16288F295AD89C0077AE7B /* Strings.swift */; };
		3B1628AA295ADB2F0077AE7B /* URLConstant.swift in Sources */ = {isa = PBXBuildFile; fileRef = 3B1628A9295ADB2F0077AE7B /* URLConstant.swift */; };
		3B1628AC295ADB440077AE7B /* NetworkLoggerPlugin.swift in Sources */ = {isa = PBXBuildFile; fileRef = 3B1628AB295ADB440077AE7B /* NetworkLoggerPlugin.swift */; };
		3B1628AE295ADB550077AE7B /* GeneralResponse.swift in Sources */ = {isa = PBXBuildFile; fileRef = 3B1628AD295ADB550077AE7B /* GeneralResponse.swift */; };
		3B1628B0295ADB640077AE7B /* NetworkConstant.swift in Sources */ = {isa = PBXBuildFile; fileRef = 3B1628AF295ADB640077AE7B /* NetworkConstant.swift */; };
		3B1628B2295ADB710077AE7B /* NetworkResult.swift in Sources */ = {isa = PBXBuildFile; fileRef = 3B1628B1295ADB710077AE7B /* NetworkResult.swift */; };
		3B1628B4295ADBA20077AE7B /* HomeViewController.swift in Sources */ = {isa = PBXBuildFile; fileRef = 3B1628B3295ADBA20077AE7B /* HomeViewController.swift */; };
		3B1628B9295ADD750077AE7B /* Colors.xcassets in Resources */ = {isa = PBXBuildFile; fileRef = 3B1628B8295ADD750077AE7B /* Colors.xcassets */; };
		3B3405B7295B05D400D44722 /* .swiftlint.yml in Resources */ = {isa = PBXBuildFile; fileRef = 3B3405B6295B05D400D44722 /* .swiftlint.yml */; };
/* End PBXBuildFile section */

/* Begin PBXFileReference section */
		3B162870295AD7860077AE7B /* NotToDo.app */ = {isa = PBXFileReference; explicitFileType = wrapper.application; includeInIndex = 0; path = NotToDo.app; sourceTree = BUILT_PRODUCTS_DIR; };
		3B162873295AD7860077AE7B /* AppDelegate.swift */ = {isa = PBXFileReference; lastKnownFileType = sourcecode.swift; path = AppDelegate.swift; sourceTree = "<group>"; };
		3B162875295AD7860077AE7B /* SceneDelegate.swift */ = {isa = PBXFileReference; lastKnownFileType = sourcecode.swift; path = SceneDelegate.swift; sourceTree = "<group>"; };
		3B162877295AD7860077AE7B /* ViewController.swift */ = {isa = PBXFileReference; lastKnownFileType = sourcecode.swift; path = ViewController.swift; sourceTree = "<group>"; };
		3B16287C295AD7870077AE7B /* Assets.xcassets */ = {isa = PBXFileReference; lastKnownFileType = folder.assetcatalog; path = Assets.xcassets; sourceTree = "<group>"; };
		3B16287F295AD7870077AE7B /* Base */ = {isa = PBXFileReference; lastKnownFileType = file.storyboard; name = Base; path = Base.lproj/LaunchScreen.storyboard; sourceTree = "<group>"; };
		3B162881295AD7870077AE7B /* Info.plist */ = {isa = PBXFileReference; lastKnownFileType = text.plist.xml; path = Info.plist; sourceTree = "<group>"; };
		3B16288A295AD82F0077AE7B /* UIView+.swift */ = {isa = PBXFileReference; lastKnownFileType = sourcecode.swift; path = "UIView+.swift"; sourceTree = "<group>"; };
		3B16288C295AD8380077AE7B /* UIStackView+.swift */ = {isa = PBXFileReference; lastKnownFileType = sourcecode.swift; path = "UIStackView+.swift"; sourceTree = "<group>"; };
		3B16288F295AD89C0077AE7B /* Strings.swift */ = {isa = PBXFileReference; lastKnownFileType = sourcecode.swift; path = Strings.swift; sourceTree = "<group>"; };
		3B1628A9295ADB2F0077AE7B /* URLConstant.swift */ = {isa = PBXFileReference; lastKnownFileType = sourcecode.swift; path = URLConstant.swift; sourceTree = "<group>"; };
		3B1628AB295ADB440077AE7B /* NetworkLoggerPlugin.swift */ = {isa = PBXFileReference; lastKnownFileType = sourcecode.swift; path = NetworkLoggerPlugin.swift; sourceTree = "<group>"; };
		3B1628AD295ADB550077AE7B /* GeneralResponse.swift */ = {isa = PBXFileReference; lastKnownFileType = sourcecode.swift; path = GeneralResponse.swift; sourceTree = "<group>"; };
		3B1628AF295ADB640077AE7B /* NetworkConstant.swift */ = {isa = PBXFileReference; lastKnownFileType = sourcecode.swift; path = NetworkConstant.swift; sourceTree = "<group>"; };
		3B1628B1295ADB710077AE7B /* NetworkResult.swift */ = {isa = PBXFileReference; lastKnownFileType = sourcecode.swift; path = NetworkResult.swift; sourceTree = "<group>"; };
		3B1628B3295ADBA20077AE7B /* HomeViewController.swift */ = {isa = PBXFileReference; lastKnownFileType = sourcecode.swift; path = HomeViewController.swift; sourceTree = "<group>"; };
		3B1628B8295ADD750077AE7B /* Colors.xcassets */ = {isa = PBXFileReference; lastKnownFileType = folder.assetcatalog; path = Colors.xcassets; sourceTree = "<group>"; };
		3B3405B6295B05D400D44722 /* .swiftlint.yml */ = {isa = PBXFileReference; lastKnownFileType = text.yaml; path = .swiftlint.yml; sourceTree = "<group>"; };
/* End PBXFileReference section */

/* Begin PBXFrameworksBuildPhase section */
		3B16286D295AD7860077AE7B /* Frameworks */ = {
			isa = PBXFrameworksBuildPhase;
			buildActionMask = 2147483647;
			files = (
			);
			runOnlyForDeploymentPostprocessing = 0;
		};
/* End PBXFrameworksBuildPhase section */

/* Begin PBXGroup section */
		3B162867295AD7860077AE7B = {
			isa = PBXGroup;
			children = (
				3B3405B6295B05D400D44722 /* .swiftlint.yml */,
				3B162872295AD7860077AE7B /* NotToDo */,
				3B162871295AD7860077AE7B /* Products */,
			);
			sourceTree = "<group>";
		};
		3B162871295AD7860077AE7B /* Products */ = {
			isa = PBXGroup;
			children = (
				3B162870295AD7860077AE7B /* NotToDo.app */,
			);
			name = Products;
			sourceTree = "<group>";
		};
		3B162872295AD7860077AE7B /* NotToDo */ = {
			isa = PBXGroup;
			children = (
				3B162887295AD7D20077AE7B /* Application */,
				3B162888295AD8100077AE7B /* Global */,
				3B1628A4295ADA8F0077AE7B /* Network */,
				3B162893295AD90A0077AE7B /* Presentation */,
				3B1628B5295ADC9E0077AE7B /* Resource */,
				3B162877295AD7860077AE7B /* ViewController.swift */,
			);
			path = NotToDo;
			sourceTree = "<group>";
		};
		3B162887295AD7D20077AE7B /* Application */ = {
			isa = PBXGroup;
			children = (
				3B162873295AD7860077AE7B /* AppDelegate.swift */,
				3B162875295AD7860077AE7B /* SceneDelegate.swift */,
			);
			path = Application;
			sourceTree = "<group>";
		};
		3B162888295AD8100077AE7B /* Global */ = {
			isa = PBXGroup;
			children = (
				3B16288E295AD8410077AE7B /* Literals */,
				3B162889295AD81F0077AE7B /* Extensions */,
			);
			path = Global;
			sourceTree = "<group>";
		};
		3B162889295AD81F0077AE7B /* Extensions */ = {
			isa = PBXGroup;
			children = (
				3B16288A295AD82F0077AE7B /* UIView+.swift */,
				3B16288C295AD8380077AE7B /* UIStackView+.swift */,
			);
			path = Extensions;
			sourceTree = "<group>";
		};
		3B16288E295AD8410077AE7B /* Literals */ = {
			isa = PBXGroup;
			children = (
				3B16288F295AD89C0077AE7B /* Strings.swift */,
			);
			path = Literals;
			sourceTree = "<group>";
		};
		3B162893295AD90A0077AE7B /* Presentation */ = {
			isa = PBXGroup;
			children = (
				3B162894295AD92E0077AE7B /* HomeScene */,
				3B162898295AD9650077AE7B /* RecommendScene */,
				3B162899295AD9740077AE7B /* NotTodoAddScene */,
				3B16289A295AD9850077AE7B /* AchievementScene */,
				3B16289B295AD9980077AE7B /* MyInfoScene */,
				3B162897295AD95B0077AE7B /* TabBar */,
			);
			path = Presentation;
			sourceTree = "<group>";
		};
		3B162894295AD92E0077AE7B /* HomeScene */ = {
			isa = PBXGroup;
			children = (
				3B162896295AD9380077AE7B /* ViewControllers */,
				3B162895295AD9350077AE7B /* Views */,
			);
			path = HomeScene;
			sourceTree = "<group>";
		};
		3B162895295AD9350077AE7B /* Views */ = {
			isa = PBXGroup;
			children = (
			);
			path = Views;
			sourceTree = "<group>";
		};
		3B162896295AD9380077AE7B /* ViewControllers */ = {
			isa = PBXGroup;
			children = (
				3B1628B3295ADBA20077AE7B /* HomeViewController.swift */,
			);
			path = ViewControllers;
			sourceTree = "<group>";
		};
		3B162897295AD95B0077AE7B /* TabBar */ = {
			isa = PBXGroup;
			children = (
			);
			path = TabBar;
			sourceTree = "<group>";
		};
		3B162898295AD9650077AE7B /* RecommendScene */ = {
			isa = PBXGroup;
			children = (
				3B16289C295AD9CB0077AE7B /* ViewControllers */,
				3B16289D295AD9D20077AE7B /* Views */,
			);
			path = RecommendScene;
			sourceTree = "<group>";
		};
		3B162899295AD9740077AE7B /* NotTodoAddScene */ = {
			isa = PBXGroup;
			children = (
				3B16289F295AD9DF0077AE7B /* ViewControllers */,
				3B16289E295AD9DB0077AE7B /* Views */,
			);
			path = NotTodoAddScene;
			sourceTree = "<group>";
		};
		3B16289A295AD9850077AE7B /* AchievementScene */ = {
			isa = PBXGroup;
			children = (
				3B1628A1295AD9EC0077AE7B /* ViewControllers */,
				3B1628A0295AD9E50077AE7B /* Views */,
			);
			path = AchievementScene;
			sourceTree = "<group>";
		};
		3B16289B295AD9980077AE7B /* MyInfoScene */ = {
			isa = PBXGroup;
			children = (
				3B1628A3295AD9FD0077AE7B /* ViewControllers */,
				3B1628A2295AD9F80077AE7B /* Views */,
			);
			path = MyInfoScene;
			sourceTree = "<group>";
		};
		3B16289C295AD9CB0077AE7B /* ViewControllers */ = {
			isa = PBXGroup;
			children = (
			);
			path = ViewControllers;
			sourceTree = "<group>";
		};
		3B16289D295AD9D20077AE7B /* Views */ = {
			isa = PBXGroup;
			children = (
			);
			path = Views;
			sourceTree = "<group>";
		};
		3B16289E295AD9DB0077AE7B /* Views */ = {
			isa = PBXGroup;
			children = (
			);
			path = Views;
			sourceTree = "<group>";
		};
		3B16289F295AD9DF0077AE7B /* ViewControllers */ = {
			isa = PBXGroup;
			children = (
			);
			path = ViewControllers;
			sourceTree = "<group>";
		};
		3B1628A0295AD9E50077AE7B /* Views */ = {
			isa = PBXGroup;
			children = (
			);
			path = Views;
			sourceTree = "<group>";
		};
		3B1628A1295AD9EC0077AE7B /* ViewControllers */ = {
			isa = PBXGroup;
			children = (
			);
			path = ViewControllers;
			sourceTree = "<group>";
		};
		3B1628A2295AD9F80077AE7B /* Views */ = {
			isa = PBXGroup;
			children = (
			);
			path = Views;
			sourceTree = "<group>";
		};
		3B1628A3295AD9FD0077AE7B /* ViewControllers */ = {
			isa = PBXGroup;
			children = (
			);
			path = ViewControllers;
			sourceTree = "<group>";
		};
		3B1628A4295ADA8F0077AE7B /* Network */ = {
			isa = PBXGroup;
			children = (
				3B1628A8295ADB230077AE7B /* Base */,
				3B1628A7295ADAB90077AE7B /* Service */,
				3B1628A6295ADAA70077AE7B /* API */,
				3B1628A5295ADAA30077AE7B /* DataModel */,
			);
			path = Network;
			sourceTree = "<group>";
		};
		3B1628A5295ADAA30077AE7B /* DataModel */ = {
			isa = PBXGroup;
			children = (
			);
			path = DataModel;
			sourceTree = "<group>";
		};
		3B1628A6295ADAA70077AE7B /* API */ = {
			isa = PBXGroup;
			children = (
			);
			path = API;
			sourceTree = "<group>";
		};
		3B1628A7295ADAB90077AE7B /* Service */ = {
			isa = PBXGroup;
			children = (
			);
			path = Service;
			sourceTree = "<group>";
		};
		3B1628A8295ADB230077AE7B /* Base */ = {
			isa = PBXGroup;
			children = (
				3B1628A9295ADB2F0077AE7B /* URLConstant.swift */,
				3B1628AB295ADB440077AE7B /* NetworkLoggerPlugin.swift */,
				3B1628AD295ADB550077AE7B /* GeneralResponse.swift */,
				3B1628AF295ADB640077AE7B /* NetworkConstant.swift */,
				3B1628B1295ADB710077AE7B /* NetworkResult.swift */,
			);
			path = Base;
			sourceTree = "<group>";
		};
		3B1628B5295ADC9E0077AE7B /* Resource */ = {
			isa = PBXGroup;
			children = (
				3B1628BA295ADD7D0077AE7B /* Storyboard */,
				3B1628B7295ADD6B0077AE7B /* Colors */,
				3B1628B6295ADD640077AE7B /* Assets */,
				3B162881295AD7870077AE7B /* Info.plist */,
			);
			path = Resource;
			sourceTree = "<group>";
		};
		3B1628B6295ADD640077AE7B /* Assets */ = {
			isa = PBXGroup;
			children = (
				3B16287C295AD7870077AE7B /* Assets.xcassets */,
			);
			path = Assets;
			sourceTree = "<group>";
		};
		3B1628B7295ADD6B0077AE7B /* Colors */ = {
			isa = PBXGroup;
			children = (
				3B1628B8295ADD750077AE7B /* Colors.xcassets */,
			);
			path = Colors;
			sourceTree = "<group>";
		};
		3B1628BA295ADD7D0077AE7B /* Storyboard */ = {
			isa = PBXGroup;
			children = (
				3B16287E295AD7870077AE7B /* LaunchScreen.storyboard */,
			);
			path = Storyboard;
			sourceTree = "<group>";
		};
/* End PBXGroup section */

/* Begin PBXNativeTarget section */
		3B16286F295AD7860077AE7B /* NotToDo */ = {
			isa = PBXNativeTarget;
			buildConfigurationList = 3B162884295AD7870077AE7B /* Build configuration list for PBXNativeTarget "NotToDo" */;
			buildPhases = (
				3B1628BB295ADF280077AE7B /* SwiftLint Script */,
				3B16286C295AD7860077AE7B /* Sources */,
				3B16286D295AD7860077AE7B /* Frameworks */,
				3B16286E295AD7860077AE7B /* Resources */,
			);
			buildRules = (
			);
			dependencies = (
			);
			name = NotToDo;
			productName = NotToDo;
			productReference = 3B162870295AD7860077AE7B /* NotToDo.app */;
			productType = "com.apple.product-type.application";
		};
/* End PBXNativeTarget section */

/* Begin PBXProject section */
		3B162868295AD7860077AE7B /* Project object */ = {
			isa = PBXProject;
			attributes = {
				BuildIndependentTargetsInParallel = 1;
				LastSwiftUpdateCheck = 1420;
				LastUpgradeCheck = 1420;
				TargetAttributes = {
					3B16286F295AD7860077AE7B = {
						CreatedOnToolsVersion = 14.2;
					};
				};
			};
			buildConfigurationList = 3B16286B295AD7860077AE7B /* Build configuration list for PBXProject "NotToDo" */;
			compatibilityVersion = "Xcode 14.0";
			developmentRegion = en;
			hasScannedForEncodings = 0;
			knownRegions = (
				en,
				Base,
			);
			mainGroup = 3B162867295AD7860077AE7B;
			productRefGroup = 3B162871295AD7860077AE7B /* Products */;
			projectDirPath = "";
			projectRoot = "";
			targets = (
				3B16286F295AD7860077AE7B /* NotToDo */,
			);
		};
/* End PBXProject section */

/* Begin PBXResourcesBuildPhase section */
		3B16286E295AD7860077AE7B /* Resources */ = {
			isa = PBXResourcesBuildPhase;
			buildActionMask = 2147483647;
			files = (
				3B3405B7295B05D400D44722 /* .swiftlint.yml in Resources */,
				3B1628B9295ADD750077AE7B /* Colors.xcassets in Resources */,
				3B162880295AD7870077AE7B /* LaunchScreen.storyboard in Resources */,
				3B16287D295AD7870077AE7B /* Assets.xcassets in Resources */,
			);
			runOnlyForDeploymentPostprocessing = 0;
		};
/* End PBXResourcesBuildPhase section */

/* Begin PBXShellScriptBuildPhase section */
		3B1628BB295ADF280077AE7B /* SwiftLint Script */ = {
			isa = PBXShellScriptBuildPhase;
			alwaysOutOfDate = 1;
			buildActionMask = 2147483647;
			files = (
			);
			inputFileListPaths = (
			);
			inputPaths = (
			);
			name = "SwiftLint Script";
			outputFileListPaths = (
			);
			outputPaths = (
			);
			runOnlyForDeploymentPostprocessing = 0;
			shellPath = /bin/sh;
			shellScript = "export PATH=\"$PATH:/opt/homebrew/bin\"\n\nif which swiftlint > /dev/null; then\n  swiftlint\nelse\n  echo \"warning: SwiftLint not installed, download from https://github.com/realm/SwiftLint\"\nfi\n";
		};
/* End PBXShellScriptBuildPhase section */

/* Begin PBXSourcesBuildPhase section */
		3B16286C295AD7860077AE7B /* Sources */ = {
			isa = PBXSourcesBuildPhase;
			buildActionMask = 2147483647;
			files = (
				3B16288D295AD8380077AE7B /* UIStackView+.swift in Sources */,
				3B1628AE295ADB550077AE7B /* GeneralResponse.swift in Sources */,
				3B1628B2295ADB710077AE7B /* NetworkResult.swift in Sources */,
				3B16288B295AD82F0077AE7B /* UIView+.swift in Sources */,
				3B162878295AD7860077AE7B /* ViewController.swift in Sources */,
				3B1628AA295ADB2F0077AE7B /* URLConstant.swift in Sources */,
				3B162874295AD7860077AE7B /* AppDelegate.swift in Sources */,
				3B1628AC295ADB440077AE7B /* NetworkLoggerPlugin.swift in Sources */,
				3B162890295AD89C0077AE7B /* Strings.swift in Sources */,
				3B1628B0295ADB640077AE7B /* NetworkConstant.swift in Sources */,
				3B162876295AD7860077AE7B /* SceneDelegate.swift in Sources */,
				3B1628B4295ADBA20077AE7B /* HomeViewController.swift in Sources */,
			);
			runOnlyForDeploymentPostprocessing = 0;
		};
/* End PBXSourcesBuildPhase section */

/* Begin PBXVariantGroup section */
		3B16287E295AD7870077AE7B /* LaunchScreen.storyboard */ = {
			isa = PBXVariantGroup;
			children = (
				3B16287F295AD7870077AE7B /* Base */,
			);
			name = LaunchScreen.storyboard;
			sourceTree = "<group>";
		};
/* End PBXVariantGroup section */

/* Begin XCBuildConfiguration section */
		3B162882295AD7870077AE7B /* Debug */ = {
			isa = XCBuildConfiguration;
			buildSettings = {
				ALWAYS_SEARCH_USER_PATHS = NO;
				CLANG_ANALYZER_NONNULL = YES;
				CLANG_ANALYZER_NUMBER_OBJECT_CONVERSION = YES_AGGRESSIVE;
				CLANG_CXX_LANGUAGE_STANDARD = "gnu++20";
				CLANG_ENABLE_MODULES = YES;
				CLANG_ENABLE_OBJC_ARC = YES;
				CLANG_ENABLE_OBJC_WEAK = YES;
				CLANG_WARN_BLOCK_CAPTURE_AUTORELEASING = YES;
				CLANG_WARN_BOOL_CONVERSION = YES;
				CLANG_WARN_COMMA = YES;
				CLANG_WARN_CONSTANT_CONVERSION = YES;
				CLANG_WARN_DEPRECATED_OBJC_IMPLEMENTATIONS = YES;
				CLANG_WARN_DIRECT_OBJC_ISA_USAGE = YES_ERROR;
				CLANG_WARN_DOCUMENTATION_COMMENTS = YES;
				CLANG_WARN_EMPTY_BODY = YES;
				CLANG_WARN_ENUM_CONVERSION = YES;
				CLANG_WARN_INFINITE_RECURSION = YES;
				CLANG_WARN_INT_CONVERSION = YES;
				CLANG_WARN_NON_LITERAL_NULL_CONVERSION = YES;
				CLANG_WARN_OBJC_IMPLICIT_RETAIN_SELF = YES;
				CLANG_WARN_OBJC_LITERAL_CONVERSION = YES;
				CLANG_WARN_OBJC_ROOT_CLASS = YES_ERROR;
				CLANG_WARN_QUOTED_INCLUDE_IN_FRAMEWORK_HEADER = YES;
				CLANG_WARN_RANGE_LOOP_ANALYSIS = YES;
				CLANG_WARN_STRICT_PROTOTYPES = YES;
				CLANG_WARN_SUSPICIOUS_MOVE = YES;
				CLANG_WARN_UNGUARDED_AVAILABILITY = YES_AGGRESSIVE;
				CLANG_WARN_UNREACHABLE_CODE = YES;
				CLANG_WARN__DUPLICATE_METHOD_MATCH = YES;
				COPY_PHASE_STRIP = NO;
				DEBUG_INFORMATION_FORMAT = dwarf;
				ENABLE_STRICT_OBJC_MSGSEND = YES;
				ENABLE_TESTABILITY = YES;
				GCC_C_LANGUAGE_STANDARD = gnu11;
				GCC_DYNAMIC_NO_PIC = NO;
				GCC_NO_COMMON_BLOCKS = YES;
				GCC_OPTIMIZATION_LEVEL = 0;
				GCC_PREPROCESSOR_DEFINITIONS = (
					"DEBUG=1",
					"$(inherited)",
				);
				GCC_WARN_64_TO_32_BIT_CONVERSION = YES;
				GCC_WARN_ABOUT_RETURN_TYPE = YES_ERROR;
				GCC_WARN_UNDECLARED_SELECTOR = YES;
				GCC_WARN_UNINITIALIZED_AUTOS = YES_AGGRESSIVE;
				GCC_WARN_UNUSED_FUNCTION = YES;
				GCC_WARN_UNUSED_VARIABLE = YES;
				IPHONEOS_DEPLOYMENT_TARGET = 15.0;
				MTL_ENABLE_DEBUG_INFO = INCLUDE_SOURCE;
				MTL_FAST_MATH = YES;
				ONLY_ACTIVE_ARCH = YES;
				SDKROOT = iphoneos;
				SWIFT_ACTIVE_COMPILATION_CONDITIONS = DEBUG;
				SWIFT_OPTIMIZATION_LEVEL = "-Onone";
			};
			name = Debug;
		};
		3B162883295AD7870077AE7B /* Release */ = {
			isa = XCBuildConfiguration;
			buildSettings = {
				ALWAYS_SEARCH_USER_PATHS = NO;
				CLANG_ANALYZER_NONNULL = YES;
				CLANG_ANALYZER_NUMBER_OBJECT_CONVERSION = YES_AGGRESSIVE;
				CLANG_CXX_LANGUAGE_STANDARD = "gnu++20";
				CLANG_ENABLE_MODULES = YES;
				CLANG_ENABLE_OBJC_ARC = YES;
				CLANG_ENABLE_OBJC_WEAK = YES;
				CLANG_WARN_BLOCK_CAPTURE_AUTORELEASING = YES;
				CLANG_WARN_BOOL_CONVERSION = YES;
				CLANG_WARN_COMMA = YES;
				CLANG_WARN_CONSTANT_CONVERSION = YES;
				CLANG_WARN_DEPRECATED_OBJC_IMPLEMENTATIONS = YES;
				CLANG_WARN_DIRECT_OBJC_ISA_USAGE = YES_ERROR;
				CLANG_WARN_DOCUMENTATION_COMMENTS = YES;
				CLANG_WARN_EMPTY_BODY = YES;
				CLANG_WARN_ENUM_CONVERSION = YES;
				CLANG_WARN_INFINITE_RECURSION = YES;
				CLANG_WARN_INT_CONVERSION = YES;
				CLANG_WARN_NON_LITERAL_NULL_CONVERSION = YES;
				CLANG_WARN_OBJC_IMPLICIT_RETAIN_SELF = YES;
				CLANG_WARN_OBJC_LITERAL_CONVERSION = YES;
				CLANG_WARN_OBJC_ROOT_CLASS = YES_ERROR;
				CLANG_WARN_QUOTED_INCLUDE_IN_FRAMEWORK_HEADER = YES;
				CLANG_WARN_RANGE_LOOP_ANALYSIS = YES;
				CLANG_WARN_STRICT_PROTOTYPES = YES;
				CLANG_WARN_SUSPICIOUS_MOVE = YES;
				CLANG_WARN_UNGUARDED_AVAILABILITY = YES_AGGRESSIVE;
				CLANG_WARN_UNREACHABLE_CODE = YES;
				CLANG_WARN__DUPLICATE_METHOD_MATCH = YES;
				COPY_PHASE_STRIP = NO;
				DEBUG_INFORMATION_FORMAT = "dwarf-with-dsym";
				ENABLE_NS_ASSERTIONS = NO;
				ENABLE_STRICT_OBJC_MSGSEND = YES;
				GCC_C_LANGUAGE_STANDARD = gnu11;
				GCC_NO_COMMON_BLOCKS = YES;
				GCC_WARN_64_TO_32_BIT_CONVERSION = YES;
				GCC_WARN_ABOUT_RETURN_TYPE = YES_ERROR;
				GCC_WARN_UNDECLARED_SELECTOR = YES;
				GCC_WARN_UNINITIALIZED_AUTOS = YES_AGGRESSIVE;
				GCC_WARN_UNUSED_FUNCTION = YES;
				GCC_WARN_UNUSED_VARIABLE = YES;
				IPHONEOS_DEPLOYMENT_TARGET = 15.0;
				MTL_ENABLE_DEBUG_INFO = NO;
				MTL_FAST_MATH = YES;
				SDKROOT = iphoneos;
				SWIFT_COMPILATION_MODE = wholemodule;
				SWIFT_OPTIMIZATION_LEVEL = "-O";
				VALIDATE_PRODUCT = YES;
			};
			name = Release;
		};
		3B162885295AD7870077AE7B /* Debug */ = {
			isa = XCBuildConfiguration;
			buildSettings = {
				ASSETCATALOG_COMPILER_APPICON_NAME = AppIcon;
				ASSETCATALOG_COMPILER_GLOBAL_ACCENT_COLOR_NAME = AccentColor;
				CODE_SIGN_STYLE = Manual;
				CURRENT_PROJECT_VERSION = 1;
				DEVELOPMENT_TEAM = "";
				GENERATE_INFOPLIST_FILE = YES;
				INFOPLIST_FILE = NotToDo/Resource/Info.plist;
				INFOPLIST_KEY_UIApplicationSupportsIndirectInputEvents = YES;
				INFOPLIST_KEY_UILaunchStoryboardName = LaunchScreen;
				INFOPLIST_KEY_UISupportedInterfaceOrientations_iPad = "UIInterfaceOrientationPortrait UIInterfaceOrientationPortraitUpsideDown UIInterfaceOrientationLandscapeLeft UIInterfaceOrientationLandscapeRight";
				INFOPLIST_KEY_UISupportedInterfaceOrientations_iPhone = "UIInterfaceOrientationPortrait UIInterfaceOrientationLandscapeLeft UIInterfaceOrientationLandscapeRight";
				LD_RUNPATH_SEARCH_PATHS = (
					"$(inherited)",
					"@executable_path/Frameworks",
				);
				MARKETING_VERSION = 1.0;
				PRODUCT_BUNDLE_IDENTIFIER = sopt.org.NotToDo;
				PRODUCT_NAME = "$(TARGET_NAME)";
				PROVISIONING_PROFILE_SPECIFIER = "";
				SWIFT_EMIT_LOC_STRINGS = YES;
				SWIFT_VERSION = 5.0;
				TARGETED_DEVICE_FAMILY = "1,2";
			};
			name = Debug;
		};
		3B162886295AD7870077AE7B /* Release */ = {
			isa = XCBuildConfiguration;
			buildSettings = {
				ASSETCATALOG_COMPILER_APPICON_NAME = AppIcon;
				ASSETCATALOG_COMPILER_GLOBAL_ACCENT_COLOR_NAME = AccentColor;
				CODE_SIGN_STYLE = Manual;
				CURRENT_PROJECT_VERSION = 1;
				DEVELOPMENT_TEAM = "";
				GENERATE_INFOPLIST_FILE = YES;
				INFOPLIST_FILE = NotToDo/Resource/Info.plist;
				INFOPLIST_KEY_UIApplicationSupportsIndirectInputEvents = YES;
				INFOPLIST_KEY_UILaunchStoryboardName = LaunchScreen;
				INFOPLIST_KEY_UISupportedInterfaceOrientations_iPad = "UIInterfaceOrientationPortrait UIInterfaceOrientationPortraitUpsideDown UIInterfaceOrientationLandscapeLeft UIInterfaceOrientationLandscapeRight";
				INFOPLIST_KEY_UISupportedInterfaceOrientations_iPhone = "UIInterfaceOrientationPortrait UIInterfaceOrientationLandscapeLeft UIInterfaceOrientationLandscapeRight";
				LD_RUNPATH_SEARCH_PATHS = (
					"$(inherited)",
					"@executable_path/Frameworks",
				);
				MARKETING_VERSION = 1.0;
				PRODUCT_BUNDLE_IDENTIFIER = sopt.org.NotToDo;
				PRODUCT_NAME = "$(TARGET_NAME)";
				PROVISIONING_PROFILE_SPECIFIER = "";
				SWIFT_EMIT_LOC_STRINGS = YES;
				SWIFT_VERSION = 5.0;
				TARGETED_DEVICE_FAMILY = "1,2";
			};
			name = Release;
		};
/* End XCBuildConfiguration section */

/* Begin XCConfigurationList section */
		3B16286B295AD7860077AE7B /* Build configuration list for PBXProject "NotToDo" */ = {
			isa = XCConfigurationList;
			buildConfigurations = (
				3B162882295AD7870077AE7B /* Debug */,
				3B162883295AD7870077AE7B /* Release */,
			);
			defaultConfigurationIsVisible = 0;
			defaultConfigurationName = Release;
		};
		3B162884295AD7870077AE7B /* Build configuration list for PBXNativeTarget "NotToDo" */ = {
			isa = XCConfigurationList;
			buildConfigurations = (
				3B162885295AD7870077AE7B /* Debug */,
				3B162886295AD7870077AE7B /* Release */,
			);
			defaultConfigurationIsVisible = 0;
			defaultConfigurationName = Release;
		};
/* End XCConfigurationList section */
	};
	rootObject = 3B162868295AD7860077AE7B /* Project object */;
}
